{
  "version": 4,
  "terraform_version": "1.10.3",
  "serial": 206,
  "lineage": "0df0b15e-af36-9fb4-934b-585f3e9f4bf8",
  "outputs": {
    "deployment_summary": {
      "value": {
        "ami_type": "Ubuntu",
        "instance_count": 10,
        "instance_type": "t3.nano",
        "region": "ap-northeast-1",
        "total_cost_estimate": "38 USD/month (approximate for t3.nano)"
      },
      "type": [
        "object",
        {
          "ami_type": "string",
          "instance_count": "number",
          "instance_type": "string",
          "region": "string",
          "total_cost_estimate": "string"
        }
      ]
    },
    "proxy_endpoints": {
      "value": [
        "52.195.230.8:8888",
        "18.181.235.81:8888",
        "18.181.236.247:8888",
        "52.194.230.209:8888",
        "35.78.105.253:8888",
        "54.250.188.71:8888",
        "54.249.40.219:8888",
        "57.182.249.162:8888",
        "35.77.71.179:8888",
        "13.231.235.224:8888"
      ],
      "type": [
        "tuple",
        [
          "string",
          "string",
          "string",
          "string",
          "string",
          "string",
          "string",
          "string",
          "string",
          "string"
        ]
      ]
    },
    "proxy_instances": {
      "value": [
        {
          "instance_id": "i-01040d3de48c73139",
          "name": "proxy-1",
          "private_ip": "172.31.44.140",
          "proxy_endpoint": "52.195.230.8:8888",
          "public_ip": "52.195.230.8",
          "ssh_command": "ssh -i your-key.pem ubuntu@52.195.230.8"
        },
        {
          "instance_id": "i-0eace609d14e17776",
          "name": "proxy-2",
          "private_ip": "172.31.90.167",
          "proxy_endpoint": "18.181.235.81:8888",
          "public_ip": "18.181.235.81",
          "ssh_command": "ssh -i your-key.pem ubuntu@18.181.235.81"
        },
        {
          "instance_id": "i-0765ec80afc4bbe21",
          "name": "proxy-3",
          "private_ip": "172.31.24.41",
          "proxy_endpoint": "18.181.236.247:8888",
          "public_ip": "18.181.236.247",
          "ssh_command": "ssh -i your-key.pem ubuntu@18.181.236.247"
        },
        {
          "instance_id": "i-0462d19877ea409d7",
          "name": "proxy-4",
          "private_ip": "172.31.70.43",
          "proxy_endpoint": "52.194.230.209:8888",
          "public_ip": "52.194.230.209",
          "ssh_command": "ssh -i your-key.pem ubuntu@52.194.230.209"
        },
        {
          "instance_id": "i-00468d63994dbe0b9",
          "name": "proxy-5",
          "private_ip": "172.31.80.35",
          "proxy_endpoint": "35.78.105.253:8888",
          "public_ip": "35.78.105.253",
          "ssh_command": "ssh -i your-key.pem ubuntu@35.78.105.253"
        },
        {
          "instance_id": "i-04891b5d08b79b328",
          "name": "proxy-6",
          "private_ip": "172.31.12.247",
          "proxy_endpoint": "54.250.188.71:8888",
          "public_ip": "54.250.188.71",
          "ssh_command": "ssh -i your-key.pem ubuntu@54.250.188.71"
        },
        {
          "instance_id": "i-0a5a952e77b275ae5",
          "name": "proxy-7",
          "private_ip": "172.31.42.175",
          "proxy_endpoint": "54.249.40.219:8888",
          "public_ip": "54.249.40.219",
          "ssh_command": "ssh -i your-key.pem ubuntu@54.249.40.219"
        },
        {
          "instance_id": "i-0f587f80d58346e84",
          "name": "proxy-8",
          "private_ip": "172.31.90.198",
          "proxy_endpoint": "57.182.249.162:8888",
          "public_ip": "57.182.249.162",
          "ssh_command": "ssh -i your-key.pem ubuntu@57.182.249.162"
        },
        {
          "instance_id": "i-0c496a8991692fd99",
          "name": "proxy-9",
          "private_ip": "172.31.25.16",
          "proxy_endpoint": "35.77.71.179:8888",
          "public_ip": "35.77.71.179",
          "ssh_command": "ssh -i your-key.pem ubuntu@35.77.71.179"
        },
        {
          "instance_id": "i-0b4fcc231ec633d0e",
          "name": "proxy-10",
          "private_ip": "172.31.70.239",
          "proxy_endpoint": "13.231.235.224:8888",
          "public_ip": "13.231.235.224",
          "ssh_command": "ssh -i your-key.pem ubuntu@13.231.235.224"
        }
      ],
      "type": [
        "tuple",
        [
          [
            "object",
            {
              "instance_id": "string",
              "name": "string",
              "private_ip": "string",
              "proxy_endpoint": "string",
              "public_ip": "string",
              "ssh_command": "string"
            }
          ],
          [
            "object",
            {
              "instance_id": "string",
              "name": "string",
              "private_ip": "string",
              "proxy_endpoint": "string",
              "public_ip": "string",
              "ssh_command": "string"
            }
          ],
          [
            "object",
            {
              "instance_id": "string",
              "name": "string",
              "private_ip": "string",
              "proxy_endpoint": "string",
              "public_ip": "string",
              "ssh_command": "string"
            }
          ],
          [
            "object",
            {
              "instance_id": "string",
              "name": "string",
              "private_ip": "string",
              "proxy_endpoint": "string",
              "public_ip": "string",
              "ssh_command": "string"
            }
          ],
          [
            "object",
            {
              "instance_id": "string",
              "name": "string",
              "private_ip": "string",
              "proxy_endpoint": "string",
              "public_ip": "string",
              "ssh_command": "string"
            }
          ],
          [
            "object",
            {
              "instance_id": "string",
              "name": "string",
              "private_ip": "string",
              "proxy_endpoint": "string",
              "public_ip": "string",
              "ssh_command": "string"
            }
          ],
          [
            "object",
            {
              "instance_id": "string",
              "name": "string",
              "private_ip": "string",
              "proxy_endpoint": "string",
              "public_ip": "string",
              "ssh_command": "string"
            }
          ],
          [
            "object",
            {
              "instance_id": "string",
              "name": "string",
              "private_ip": "string",
              "proxy_endpoint": "string",
              "public_ip": "string",
              "ssh_command": "string"
            }
          ],
          [
            "object",
            {
              "instance_id": "string",
              "name": "string",
              "private_ip": "string",
              "proxy_endpoint": "string",
              "public_ip": "string",
              "ssh_command": "string"
            }
          ],
          [
            "object",
            {
              "instance_id": "string",
              "name": "string",
              "private_ip": "string",
              "proxy_endpoint": "string",
              "public_ip": "string",
              "ssh_command": "string"
            }
          ]
        ]
      ]
    },
    "proxy_test_commands": {
      "value": [
        "curl -x 52.195.230.8:8888 http://httpbin.org/ip --connect-timeout 10",
        "curl -x 18.181.235.81:8888 http://httpbin.org/ip --connect-timeout 10",
        "curl -x 18.181.236.247:8888 http://httpbin.org/ip --connect-timeout 10",
        "curl -x 52.194.230.209:8888 http://httpbin.org/ip --connect-timeout 10",
        "curl -x 35.78.105.253:8888 http://httpbin.org/ip --connect-timeout 10",
        "curl -x 54.250.188.71:8888 http://httpbin.org/ip --connect-timeout 10",
        "curl -x 54.249.40.219:8888 http://httpbin.org/ip --connect-timeout 10",
        "curl -x 57.182.249.162:8888 http://httpbin.org/ip --connect-timeout 10",
        "curl -x 35.77.71.179:8888 http://httpbin.org/ip --connect-timeout 10",
        "curl -x 13.231.235.224:8888 http://httpbin.org/ip --connect-timeout 10"
      ],
      "type": [
        "tuple",
        [
          "string",
          "string",
          "string",
          "string",
          "string",
          "string",
          "string",
          "string",
          "string",
          "string"
        ]
      ]
    },
    "selected_ami_info": {
      "value": {
        "ami_id": "ami-07ae0926c47de3c97",
        "ami_type": "Ubuntu"
      },
      "type": [
        "object",
        {
          "ami_id": "string",
          "ami_type": "string"
        }
      ]
    },
    "ssh_commands": {
      "value": [
        "Key pair not specified - SSH commands not available"
      ],
      "type": [
        "list",
        "string"
      ]
    }
  },
  "resources": [
    {
      "mode": "data",
      "type": "aws_ami",
      "name": "amazon_linux",
      "provider": "provider[\"registry.terraform.io/hashicorp/aws\"]",
      "instances": [
        {
          "schema_version": 0,
          "attributes": {
            "architecture": "x86_64",
            "arn": "arn:aws:ec2:ap-northeast-1::image/ami-04a0bed0506216d2d",
            "block_device_mappings": [
              {
                "device_name": "/dev/xvda",
                "ebs": {
                  "delete_on_termination": "true",
                  "encrypted": "false",
                  "iops": "0",
                  "snapshot_id": "snap-00cbe473084fed51f",
                  "throughput": "0",
                  "volume_initialization_rate": "0",
                  "volume_size": "8",
                  "volume_type": "gp2"
                },
                "no_device": "",
                "virtual_name": ""
              }
            ],
            "boot_mode": "",
            "creation_date": "2025-09-03T05:26:14.000Z",
            "deprecation_time": "2025-12-02T05:26:00.000Z",
            "description": "Amazon Linux 2 AMI 2.0.20250902.3 x86_64 HVM gp2",
            "ena_support": true,
            "executable_users": null,
            "filter": [
              {
                "name": "name",
                "values": [
                  "amzn2-ami-hvm-*-x86_64-gp2"
                ]
              },
              {
                "name": "state",
                "values": [
                  "available"
                ]
              },
              {
                "name": "virtualization-type",
                "values": [
                  "hvm"
                ]
              }
            ],
            "hypervisor": "xen",
            "id": "ami-04a0bed0506216d2d",
            "image_id": "ami-04a0bed0506216d2d",
            "image_location": "amazon/amzn2-ami-hvm-2.0.20250902.3-x86_64-gp2",
            "image_owner_alias": "amazon",
            "image_type": "machine",
            "imds_support": "",
            "include_deprecated": false,
            "kernel_id": "",
            "last_launched_time": "",
            "most_recent": true,
            "name": "amzn2-ami-hvm-2.0.20250902.3-x86_64-gp2",
            "name_regex": null,
            "owner_id": "137112412989",
            "owners": [
              "amazon"
            ],
            "platform": "",
            "platform_details": "Linux/UNIX",
            "product_codes": [],
            "public": true,
            "ramdisk_id": "",
            "root_device_name": "/dev/xvda",
            "root_device_type": "ebs",
            "root_snapshot_id": "snap-00cbe473084fed51f",
            "sriov_net_support": "simple",
            "state": "available",
            "state_reason": {
              "code": "UNSET",
              "message": "UNSET"
            },
            "tags": {},
            "timeouts": null,
            "tpm_support": "",
            "uefi_data": null,
            "usage_operation": "RunInstances",
            "virtualization_type": "hvm"
          },
          "sensitive_attributes": []
        }
      ]
    },
    {
      "mode": "data",
      "type": "aws_ami",
      "name": "ubuntu_20",
      "provider": "provider[\"registry.terraform.io/hashicorp/aws\"]",
      "instances": [
        {
          "schema_version": 0,
          "attributes": {
            "architecture": "x86_64",
            "arn": "arn:aws:ec2:ap-northeast-1::image/ami-0836e97b3d843dd82",
            "block_device_mappings": [
              {
                "device_name": "/dev/sda1",
                "ebs": {
                  "delete_on_termination": "true",
                  "encrypted": "false",
                  "iops": "0",
                  "snapshot_id": "snap-030ac87380e809157",
                  "throughput": "0",
                  "volume_initialization_rate": "0",
                  "volume_size": "8",
                  "volume_type": "gp2"
                },
                "no_device": "",
                "virtual_name": ""
              },
              {
                "device_name": "/dev/sdb",
                "ebs": {},
                "no_device": "",
                "virtual_name": "ephemeral0"
              },
              {
                "device_name": "/dev/sdc",
                "ebs": {},
                "no_device": "",
                "virtual_name": "ephemeral1"
              }
            ],
            "boot_mode": "legacy-bios",
            "creation_date": "2025-06-25T05:32:58.000Z",
            "deprecation_time": "2027-06-25T05:32:58.000Z",
            "description": "Canonical, Ubuntu, 20.04, amd64 focal image",
            "ena_support": true,
            "executable_users": null,
            "filter": [
              {
                "name": "name",
                "values": [
                  "ubuntu/images/hvm-ssd/ubuntu-focal-20.04-amd64-server-*"
                ]
              },
              {
                "name": "state",
                "values": [
                  "available"
                ]
              },
              {
                "name": "virtualization-type",
                "values": [
                  "hvm"
                ]
              }
            ],
            "hypervisor": "xen",
            "id": "ami-0836e97b3d843dd82",
            "image_id": "ami-0836e97b3d843dd82",
            "image_location": "amazon/ubuntu/images/hvm-ssd/ubuntu-focal-20.04-amd64-server-20250624",
            "image_owner_alias": "amazon",
            "image_type": "machine",
            "imds_support": "",
            "include_deprecated": false,
            "kernel_id": "",
            "last_launched_time": "",
            "most_recent": true,
            "name": "ubuntu/images/hvm-ssd/ubuntu-focal-20.04-amd64-server-20250624",
            "name_regex": null,
            "owner_id": "099720109477",
            "owners": [
              "099720109477"
            ],
            "platform": "",
            "platform_details": "Linux/UNIX",
            "product_codes": [],
            "public": true,
            "ramdisk_id": "",
            "root_device_name": "/dev/sda1",
            "root_device_type": "ebs",
            "root_snapshot_id": "snap-030ac87380e809157",
            "sriov_net_support": "simple",
            "state": "available",
            "state_reason": {
              "code": "UNSET",
              "message": "UNSET"
            },
            "tags": {},
            "timeouts": null,
            "tpm_support": "",
            "uefi_data": null,
            "usage_operation": "RunInstances",
            "virtualization_type": "hvm"
          },
          "sensitive_attributes": []
        }
      ]
    },
    {
      "mode": "data",
      "type": "aws_ami",
      "name": "ubuntu_22",
      "provider": "provider[\"registry.terraform.io/hashicorp/aws\"]",
      "instances": [
        {
          "schema_version": 0,
          "attributes": {
            "architecture": "x86_64",
            "arn": "arn:aws:ec2:ap-northeast-1::image/ami-07ae0926c47de3c97",
            "block_device_mappings": [
              {
                "device_name": "/dev/sda1",
                "ebs": {
                  "delete_on_termination": "true",
                  "encrypted": "false",
                  "iops": "0",
                  "snapshot_id": "snap-0f27461dc1604b8e7",
                  "throughput": "0",
                  "volume_initialization_rate": "0",
                  "volume_size": "8",
                  "volume_type": "gp2"
                },
                "no_device": "",
                "virtual_name": ""
              },
              {
                "device_name": "/dev/sdb",
                "ebs": {},
                "no_device": "",
                "virtual_name": "ephemeral0"
              },
              {
                "device_name": "/dev/sdc",
                "ebs": {},
                "no_device": "",
                "virtual_name": "ephemeral1"
              }
            ],
            "boot_mode": "uefi-preferred",
            "creation_date": "2025-09-11T06:55:04.000Z",
            "deprecation_time": "2027-09-11T06:55:04.000Z",
            "description": "Canonical, Ubuntu, 22.04, amd64 jammy image",
            "ena_support": true,
            "executable_users": null,
            "filter": [
              {
                "name": "name",
                "values": [
                  "ubuntu/images/hvm-ssd/ubuntu-jammy-22.04-amd64-server-*"
                ]
              },
              {
                "name": "state",
                "values": [
                  "available"
                ]
              },
              {
                "name": "virtualization-type",
                "values": [
                  "hvm"
                ]
              }
            ],
            "hypervisor": "xen",
            "id": "ami-07ae0926c47de3c97",
            "image_id": "ami-07ae0926c47de3c97",
            "image_location": "amazon/ubuntu/images/hvm-ssd/ubuntu-jammy-22.04-amd64-server-20250911",
            "image_owner_alias": "amazon",
            "image_type": "machine",
            "imds_support": "",
            "include_deprecated": false,
            "kernel_id": "",
            "last_launched_time": "",
            "most_recent": true,
            "name": "ubuntu/images/hvm-ssd/ubuntu-jammy-22.04-amd64-server-20250911",
            "name_regex": null,
            "owner_id": "099720109477",
            "owners": [
              "099720109477"
            ],
            "platform": "",
            "platform_details": "Linux/UNIX",
            "product_codes": [],
            "public": true,
            "ramdisk_id": "",
            "root_device_name": "/dev/sda1",
            "root_device_type": "ebs",
            "root_snapshot_id": "snap-0f27461dc1604b8e7",
            "sriov_net_support": "simple",
            "state": "available",
            "state_reason": {
              "code": "UNSET",
              "message": "UNSET"
            },
            "tags": {},
            "timeouts": null,
            "tpm_support": "",
            "uefi_data": null,
            "usage_operation": "RunInstances",
            "virtualization_type": "hvm"
          },
          "sensitive_attributes": []
        }
      ]
    },
    {
      "mode": "data",
      "type": "aws_availability_zones",
      "name": "available",
      "provider": "provider[\"registry.terraform.io/hashicorp/aws\"]",
      "instances": [
        {
          "schema_version": 0,
          "attributes": {
            "all_availability_zones": null,
            "exclude_names": null,
            "exclude_zone_ids": null,
            "filter": null,
            "group_names": [
              "ap-northeast-1-zg-1"
            ],
            "id": "ap-northeast-1",
            "names": [
              "ap-northeast-1a",
              "ap-northeast-1c",
              "ap-northeast-1d"
            ],
            "state": "available",
            "timeouts": null,
            "zone_ids": [
              "apne1-az4",
              "apne1-az1",
              "apne1-az2"
            ]
          },
          "sensitive_attributes": []
        }
      ]
    },
    {
      "mode": "data",
      "type": "aws_subnets",
      "name": "default",
      "provider": "provider[\"registry.terraform.io/hashicorp/aws\"]",
      "instances": [
        {
          "schema_version": 0,
          "attributes": {
            "filter": [
              {
                "name": "vpc-id",
                "values": [
                  "vpc-0626f3af338d9af34"
                ]
              }
            ],
            "id": "ap-northeast-1",
            "ids": [
              "subnet-059ab82477120d6c7",
              "subnet-0d7d5ead434c87e37",
              "subnet-034626c573a086d5c",
              "subnet-0c69114480a787c09",
              "subnet-09f88c96564635123",
              "subnet-03ab8212e7d3b1c58"
            ],
            "tags": null,
            "timeouts": null
          },
          "sensitive_attributes": []
        }
      ]
    },
    {
      "mode": "data",
      "type": "aws_vpc",
      "name": "default",
      "provider": "provider[\"registry.terraform.io/hashicorp/aws\"]",
      "instances": [
        {
          "schema_version": 0,
          "attributes": {
            "arn": "arn:aws:ec2:ap-northeast-1:935103045726:vpc/vpc-0626f3af338d9af34",
            "cidr_block": "172.31.0.0/16",
            "cidr_block_associations": [
              {
                "association_id": "vpc-cidr-assoc-088b02d42592e6cab",
                "cidr_block": "172.31.0.0/16",
                "state": "associated"
              }
            ],
            "default": true,
            "dhcp_options_id": "dopt-06ec38f0a1a17b946",
            "enable_dns_hostnames": true,
            "enable_dns_support": true,
            "enable_network_address_usage_metrics": false,
            "filter": null,
            "id": "vpc-0626f3af338d9af34",
            "instance_tenancy": "default",
            "ipv6_association_id": "",
            "ipv6_cidr_block": "",
            "main_route_table_id": "rtb-0b7ed715f5027af96",
            "owner_id": "935103045726",
            "state": null,
            "tags": {},
            "timeouts": null
          },
          "sensitive_attributes": []
        }
      ]
    },
    {
      "mode": "managed",
      "type": "aws_instance",
      "name": "tinyproxy",
      "provider": "provider[\"registry.terraform.io/hashicorp/aws\"]",
      "instances": [
        {
          "index_key": 0,
          "schema_version": 1,
          "attributes": {
            "ami": "ami-07ae0926c47de3c97",
            "arn": "arn:aws:ec2:ap-northeast-1:935103045726:instance/i-01040d3de48c73139",
            "associate_public_ip_address": true,
            "availability_zone": "ap-northeast-1a",
            "capacity_reservation_specification": [
              {
                "capacity_reservation_preference": "open",
                "capacity_reservation_target": []
              }
            ],
            "cpu_core_count": 1,
            "cpu_options": [
              {
                "amd_sev_snp": "",
                "core_count": 1,
                "threads_per_core": 2
              }
            ],
            "cpu_threads_per_core": 2,
            "credit_specification": [
              {
                "cpu_credits": "unlimited"
              }
            ],
            "disable_api_stop": false,
            "disable_api_termination": false,
            "ebs_block_device": [],
            "ebs_optimized": true,
            "enable_primary_ipv6": null,
            "enclave_options": [
              {
                "enabled": false
              }
            ],
            "ephemeral_block_device": [],
            "get_password_data": false,
            "hibernation": false,
            "host_id": "",
            "host_resource_group_arn": null,
            "iam_instance_profile": "",
            "id": "i-01040d3de48c73139",
            "instance_initiated_shutdown_behavior": "stop",
            "instance_lifecycle": "",
            "instance_market_options": [],
            "instance_state": "running",
            "instance_type": "t3.nano",
            "ipv6_address_count": 0,
            "ipv6_addresses": [],
            "key_name": "tinyproxy-key",
            "launch_template": [],
            "maintenance_options": [
              {
                "auto_recovery": "default"
              }
            ],
            "metadata_options": [
              {
                "http_endpoint": "enabled",
                "http_protocol_ipv6": "disabled",
                "http_put_response_hop_limit": 1,
                "http_tokens": "optional",
                "instance_metadata_tags": "disabled"
              }
            ],
            "monitoring": false,
            "network_interface": [],
            "outpost_arn": "",
            "password_data": "",
            "placement_group": "",
            "placement_partition_number": 0,
            "primary_network_interface_id": "eni-02de82c9c55d7d84e",
            "private_dns": "ip-172-31-44-140.ap-northeast-1.compute.internal",
            "private_dns_name_options": [
              {
                "enable_resource_name_dns_a_record": false,
                "enable_resource_name_dns_aaaa_record": false,
                "hostname_type": "ip-name"
              }
            ],
            "private_ip": "172.31.44.140",
            "public_dns": "ec2-52-195-230-8.ap-northeast-1.compute.amazonaws.com",
            "public_ip": "52.195.230.8",
            "root_block_device": [
              {
                "delete_on_termination": true,
                "device_name": "/dev/sda1",
                "encrypted": true,
                "iops": 3000,
                "kms_key_id": "arn:aws:kms:ap-northeast-1:935103045726:key/35c21cff-7145-4ca2-a898-c3ea259d3ed2",
                "tags": {
                  "Name": "tinyproxy-1-root"
                },
                "tags_all": {
                  "Name": "tinyproxy-1-root"
                },
                "throughput": 125,
                "volume_id": "vol-039bd300195a08360",
                "volume_size": 8,
                "volume_type": "gp3"
              }
            ],
            "secondary_private_ips": [],
            "security_groups": [
              "tinyproxy-20250916073040787100000001"
            ],
            "source_dest_check": true,
            "spot_instance_request_id": "",
            "subnet_id": "subnet-059ab82477120d6c7",
            "tags": {
              "AMI_Type": "Ubuntu",
              "Environment": "testing",
              "Index": "1",
              "Name": "tinyproxy-1",
              "Purpose": "proxy-server"
            },
            "tags_all": {
              "AMI_Type": "Ubuntu",
              "Environment": "testing",
              "Index": "1",
              "Name": "tinyproxy-1",
              "Purpose": "proxy-server"
            },
            "tenancy": "default",
            "timeouts": null,
            "user_data": "3448a9ff57f36e4f565d9b9213c19450267516ef",
            "user_data_base64": null,
            "user_data_replace_on_change": true,
            "volume_tags": null,
            "vpc_security_group_ids": [
              "sg-07b48f725be2c9d5c"
            ]
          },
          "sensitive_attributes": [],
          "private": "eyJlMmJmYjczMC1lY2FhLTExZTYtOGY4OC0zNDM2M2JjN2M0YzAiOnsiY3JlYXRlIjo2MDAwMDAwMDAwMDAsImRlbGV0ZSI6MTIwMDAwMDAwMDAwMCwicmVhZCI6OTAwMDAwMDAwMDAwLCJ1cGRhdGUiOjYwMDAwMDAwMDAwMH0sInNjaGVtYV92ZXJzaW9uIjoiMSJ9",
          "dependencies": [
            "aws_security_group.tinyproxy",
            "data.aws_ami.amazon_linux",
            "data.aws_ami.ubuntu_20",
            "data.aws_ami.ubuntu_22",
            "data.aws_subnets.default",
            "data.aws_vpc.default"
          ],
          "create_before_destroy": true
        },
        {
          "index_key": 1,
          "schema_version": 1,
          "attributes": {
            "ami": "ami-07ae0926c47de3c97",
            "arn": "arn:aws:ec2:ap-northeast-1:935103045726:instance/i-0eace609d14e17776",
            "associate_public_ip_address": true,
            "availability_zone": "ap-northeast-1d",
            "capacity_reservation_specification": [
              {
                "capacity_reservation_preference": "open",
                "capacity_reservation_target": []
              }
            ],
            "cpu_core_count": 1,
            "cpu_options": [
              {
                "amd_sev_snp": "",
                "core_count": 1,
                "threads_per_core": 2
              }
            ],
            "cpu_threads_per_core": 2,
            "credit_specification": [
              {
                "cpu_credits": "unlimited"
              }
            ],
            "disable_api_stop": false,
            "disable_api_termination": false,
            "ebs_block_device": [],
            "ebs_optimized": true,
            "enable_primary_ipv6": null,
            "enclave_options": [
              {
                "enabled": false
              }
            ],
            "ephemeral_block_device": [],
            "get_password_data": false,
            "hibernation": false,
            "host_id": "",
            "host_resource_group_arn": null,
            "iam_instance_profile": "",
            "id": "i-0eace609d14e17776",
            "instance_initiated_shutdown_behavior": "stop",
            "instance_lifecycle": "",
            "instance_market_options": [],
            "instance_state": "running",
            "instance_type": "t3.nano",
            "ipv6_address_count": 0,
            "ipv6_addresses": [],
            "key_name": "",
            "launch_template": [],
            "maintenance_options": [
              {
                "auto_recovery": "default"
              }
            ],
            "metadata_options": [
              {
                "http_endpoint": "enabled",
                "http_protocol_ipv6": "disabled",
                "http_put_response_hop_limit": 1,
                "http_tokens": "optional",
                "instance_metadata_tags": "disabled"
              }
            ],
            "monitoring": false,
            "network_interface": [],
            "outpost_arn": "",
            "password_data": "",
            "placement_group": "",
            "placement_partition_number": 0,
            "primary_network_interface_id": "eni-0c48e3bac148f5cb3",
            "private_dns": "ip-172-31-90-167.ap-northeast-1.compute.internal",
            "private_dns_name_options": [
              {
                "enable_resource_name_dns_a_record": false,
                "enable_resource_name_dns_aaaa_record": false,
                "hostname_type": "ip-name"
              }
            ],
            "private_ip": "172.31.90.167",
            "public_dns": "ec2-18-181-235-81.ap-northeast-1.compute.amazonaws.com",
            "public_ip": "18.181.235.81",
            "root_block_device": [
              {
                "delete_on_termination": true,
                "device_name": "/dev/sda1",
                "encrypted": true,
                "iops": 3000,
                "kms_key_id": "arn:aws:kms:ap-northeast-1:935103045726:key/35c21cff-7145-4ca2-a898-c3ea259d3ed2",
                "tags": {
                  "Name": "tinyproxy-2-root"
                },
                "tags_all": {
                  "Name": "tinyproxy-2-root"
                },
                "throughput": 125,
                "volume_id": "vol-010fe11a3c8ad972f",
                "volume_size": 8,
                "volume_type": "gp3"
              }
            ],
            "secondary_private_ips": [],
            "security_groups": [
              "tinyproxy-20250916073040787100000001"
            ],
            "source_dest_check": true,
            "spot_instance_request_id": "",
            "subnet_id": "subnet-0d7d5ead434c87e37",
            "tags": {
              "AMI_Type": "Ubuntu",
              "Environment": "testing",
              "Index": "2",
              "Name": "tinyproxy-2",
              "Purpose": "proxy-server"
            },
            "tags_all": {
              "AMI_Type": "Ubuntu",
              "Environment": "testing",
              "Index": "2",
              "Name": "tinyproxy-2",
              "Purpose": "proxy-server"
            },
            "tenancy": "default",
            "timeouts": null,
            "user_data": "3448a9ff57f36e4f565d9b9213c19450267516ef",
            "user_data_base64": null,
            "user_data_replace_on_change": true,
            "volume_tags": null,
            "vpc_security_group_ids": [
              "sg-07b48f725be2c9d5c"
            ]
          },
          "sensitive_attributes": [],
          "private": "eyJlMmJmYjczMC1lY2FhLTExZTYtOGY4OC0zNDM2M2JjN2M0YzAiOnsiY3JlYXRlIjo2MDAwMDAwMDAwMDAsImRlbGV0ZSI6MTIwMDAwMDAwMDAwMCwicmVhZCI6OTAwMDAwMDAwMDAwLCJ1cGRhdGUiOjYwMDAwMDAwMDAwMH0sInNjaGVtYV92ZXJzaW9uIjoiMSJ9",
          "dependencies": [
            "aws_security_group.tinyproxy",
            "data.aws_ami.amazon_linux",
            "data.aws_ami.ubuntu_20",
            "data.aws_ami.ubuntu_22",
            "data.aws_subnets.default",
            "data.aws_vpc.default"
          ],
          "create_before_destroy": true
        },
        {
          "index_key": 2,
          "schema_version": 1,
          "attributes": {
            "ami": "ami-07ae0926c47de3c97",
            "arn": "arn:aws:ec2:ap-northeast-1:935103045726:instance/i-0765ec80afc4bbe21",
            "associate_public_ip_address": true,
            "availability_zone": "ap-northeast-1d",
            "capacity_reservation_specification": [
              {
                "capacity_reservation_preference": "open",
                "capacity_reservation_target": []
              }
            ],
            "cpu_core_count": 1,
            "cpu_options": [
              {
                "amd_sev_snp": "",
                "core_count": 1,
                "threads_per_core": 2
              }
            ],
            "cpu_threads_per_core": 2,
            "credit_specification": [
              {
                "cpu_credits": "unlimited"
              }
            ],
            "disable_api_stop": false,
            "disable_api_termination": false,
            "ebs_block_device": [],
            "ebs_optimized": true,
            "enable_primary_ipv6": null,
            "enclave_options": [
              {
                "enabled": false
              }
            ],
            "ephemeral_block_device": [],
            "get_password_data": false,
            "hibernation": false,
            "host_id": "",
            "host_resource_group_arn": null,
            "iam_instance_profile": "",
            "id": "i-0765ec80afc4bbe21",
            "instance_initiated_shutdown_behavior": "stop",
            "instance_lifecycle": "",
            "instance_market_options": [],
            "instance_state": "running",
            "instance_type": "t3.nano",
            "ipv6_address_count": 0,
            "ipv6_addresses": [],
            "key_name": "",
            "launch_template": [],
            "maintenance_options": [
              {
                "auto_recovery": "default"
              }
            ],
            "metadata_options": [
              {
                "http_endpoint": "enabled",
                "http_protocol_ipv6": "disabled",
                "http_put_response_hop_limit": 1,
                "http_tokens": "optional",
                "instance_metadata_tags": "disabled"
              }
            ],
            "monitoring": false,
            "network_interface": [],
            "outpost_arn": "",
            "password_data": "",
            "placement_group": "",
            "placement_partition_number": 0,
            "primary_network_interface_id": "eni-0b63f2ef2d2e3c4bc",
            "private_dns": "ip-172-31-24-41.ap-northeast-1.compute.internal",
            "private_dns_name_options": [
              {
                "enable_resource_name_dns_a_record": false,
                "enable_resource_name_dns_aaaa_record": false,
                "hostname_type": "ip-name"
              }
            ],
            "private_ip": "172.31.24.41",
            "public_dns": "ec2-18-181-236-247.ap-northeast-1.compute.amazonaws.com",
            "public_ip": "18.181.236.247",
            "root_block_device": [
              {
                "delete_on_termination": true,
                "device_name": "/dev/sda1",
                "encrypted": true,
                "iops": 3000,
                "kms_key_id": "arn:aws:kms:ap-northeast-1:935103045726:key/35c21cff-7145-4ca2-a898-c3ea259d3ed2",
                "tags": {
                  "Name": "tinyproxy-3-root"
                },
                "tags_all": {
                  "Name": "tinyproxy-3-root"
                },
                "throughput": 125,
                "volume_id": "vol-0ef4db04d7659c9b2",
                "volume_size": 8,
                "volume_type": "gp3"
              }
            ],
            "secondary_private_ips": [],
            "security_groups": [
              "tinyproxy-20250916073040787100000001"
            ],
            "source_dest_check": true,
            "spot_instance_request_id": "",
            "subnet_id": "subnet-034626c573a086d5c",
            "tags": {
              "AMI_Type": "Ubuntu",
              "Environment": "testing",
              "Index": "3",
              "Name": "tinyproxy-3",
              "Purpose": "proxy-server"
            },
            "tags_all": {
              "AMI_Type": "Ubuntu",
              "Environment": "testing",
              "Index": "3",
              "Name": "tinyproxy-3",
              "Purpose": "proxy-server"
            },
            "tenancy": "default",
            "timeouts": null,
            "user_data": "3448a9ff57f36e4f565d9b9213c19450267516ef",
            "user_data_base64": null,
            "user_data_replace_on_change": true,
            "volume_tags": null,
            "vpc_security_group_ids": [
              "sg-07b48f725be2c9d5c"
            ]
          },
          "sensitive_attributes": [],
          "private": "eyJlMmJmYjczMC1lY2FhLTExZTYtOGY4OC0zNDM2M2JjN2M0YzAiOnsiY3JlYXRlIjo2MDAwMDAwMDAwMDAsImRlbGV0ZSI6MTIwMDAwMDAwMDAwMCwicmVhZCI6OTAwMDAwMDAwMDAwLCJ1cGRhdGUiOjYwMDAwMDAwMDAwMH0sInNjaGVtYV92ZXJzaW9uIjoiMSJ9",
          "dependencies": [
            "aws_security_group.tinyproxy",
            "data.aws_ami.amazon_linux",
            "data.aws_ami.ubuntu_20",
            "data.aws_ami.ubuntu_22",
            "data.aws_subnets.default",
            "data.aws_vpc.default"
          ],
          "create_before_destroy": true
        },
        {
          "index_key": 3,
          "schema_version": 1,
          "attributes": {
            "ami": "ami-07ae0926c47de3c97",
            "arn": "arn:aws:ec2:ap-northeast-1:935103045726:instance/i-0462d19877ea409d7",
            "associate_public_ip_address": true,
            "availability_zone": "ap-northeast-1a",
            "capacity_reservation_specification": [
              {
                "capacity_reservation_preference": "open",
                "capacity_reservation_target": []
              }
            ],
            "cpu_core_count": 1,
            "cpu_options": [
              {
                "amd_sev_snp": "",
                "core_count": 1,
                "threads_per_core": 2
              }
            ],
            "cpu_threads_per_core": 2,
            "credit_specification": [
              {
                "cpu_credits": "unlimited"
              }
            ],
            "disable_api_stop": false,
            "disable_api_termination": false,
            "ebs_block_device": [],
            "ebs_optimized": true,
            "enable_primary_ipv6": null,
            "enclave_options": [
              {
                "enabled": false
              }
            ],
            "ephemeral_block_device": [],
            "get_password_data": false,
            "hibernation": false,
            "host_id": "",
            "host_resource_group_arn": null,
            "iam_instance_profile": "",
            "id": "i-0462d19877ea409d7",
            "instance_initiated_shutdown_behavior": "stop",
            "instance_lifecycle": "",
            "instance_market_options": [],
            "instance_state": "running",
            "instance_type": "t3.nano",
            "ipv6_address_count": 0,
            "ipv6_addresses": [],
            "key_name": "",
            "launch_template": [],
            "maintenance_options": [
              {
                "auto_recovery": "default"
              }
            ],
            "metadata_options": [
              {
                "http_endpoint": "enabled",
                "http_protocol_ipv6": "disabled",
                "http_put_response_hop_limit": 1,
                "http_tokens": "optional",
                "instance_metadata_tags": "disabled"
              }
            ],
            "monitoring": false,
            "network_interface": [],
            "outpost_arn": "",
            "password_data": "",
            "placement_group": "",
            "placement_partition_number": 0,
            "primary_network_interface_id": "eni-0ea4cc9d51616ad9c",
            "private_dns": "ip-172-31-70-43.ap-northeast-1.compute.internal",
            "private_dns_name_options": [
              {
                "enable_resource_name_dns_a_record": false,
                "enable_resource_name_dns_aaaa_record": false,
                "hostname_type": "ip-name"
              }
            ],
            "private_ip": "172.31.70.43",
            "public_dns": "ec2-52-194-230-209.ap-northeast-1.compute.amazonaws.com",
            "public_ip": "52.194.230.209",
            "root_block_device": [
              {
                "delete_on_termination": true,
                "device_name": "/dev/sda1",
                "encrypted": true,
                "iops": 3000,
                "kms_key_id": "arn:aws:kms:ap-northeast-1:935103045726:key/35c21cff-7145-4ca2-a898-c3ea259d3ed2",
                "tags": {
                  "Name": "tinyproxy-4-root"
                },
                "tags_all": {
                  "Name": "tinyproxy-4-root"
                },
                "throughput": 125,
                "volume_id": "vol-0453d2fa10c3e33b9",
                "volume_size": 8,
                "volume_type": "gp3"
              }
            ],
            "secondary_private_ips": [],
            "security_groups": [
              "tinyproxy-20250916073040787100000001"
            ],
            "source_dest_check": true,
            "spot_instance_request_id": "",
            "subnet_id": "subnet-0c69114480a787c09",
            "tags": {
              "AMI_Type": "Ubuntu",
              "Environment": "testing",
              "Index": "4",
              "Name": "tinyproxy-4",
              "Purpose": "proxy-server"
            },
            "tags_all": {
              "AMI_Type": "Ubuntu",
              "Environment": "testing",
              "Index": "4",
              "Name": "tinyproxy-4",
              "Purpose": "proxy-server"
            },
            "tenancy": "default",
            "timeouts": null,
            "user_data": "3448a9ff57f36e4f565d9b9213c19450267516ef",
            "user_data_base64": null,
            "user_data_replace_on_change": true,
            "volume_tags": null,
            "vpc_security_group_ids": [
              "sg-07b48f725be2c9d5c"
            ]
          },
          "sensitive_attributes": [],
          "private": "eyJlMmJmYjczMC1lY2FhLTExZTYtOGY4OC0zNDM2M2JjN2M0YzAiOnsiY3JlYXRlIjo2MDAwMDAwMDAwMDAsImRlbGV0ZSI6MTIwMDAwMDAwMDAwMCwicmVhZCI6OTAwMDAwMDAwMDAwLCJ1cGRhdGUiOjYwMDAwMDAwMDAwMH0sInNjaGVtYV92ZXJzaW9uIjoiMSJ9",
          "dependencies": [
            "aws_security_group.tinyproxy",
            "data.aws_ami.amazon_linux",
            "data.aws_ami.ubuntu_20",
            "data.aws_ami.ubuntu_22",
            "data.aws_subnets.default",
            "data.aws_vpc.default"
          ],
          "create_before_destroy": true
        },
        {
          "index_key": 4,
          "schema_version": 1,
          "attributes": {
            "ami": "ami-07ae0926c47de3c97",
            "arn": "arn:aws:ec2:ap-northeast-1:935103045726:instance/i-00468d63994dbe0b9",
            "associate_public_ip_address": true,
            "availability_zone": "ap-northeast-1c",
            "capacity_reservation_specification": [
              {
                "capacity_reservation_preference": "open",
                "capacity_reservation_target": []
              }
            ],
            "cpu_core_count": 1,
            "cpu_options": [
              {
                "amd_sev_snp": "",
                "core_count": 1,
                "threads_per_core": 2
              }
            ],
            "cpu_threads_per_core": 2,
            "credit_specification": [
              {
                "cpu_credits": "unlimited"
              }
            ],
            "disable_api_stop": false,
            "disable_api_termination": false,
            "ebs_block_device": [],
            "ebs_optimized": true,
            "enable_primary_ipv6": null,
            "enclave_options": [
              {
                "enabled": false
              }
            ],
            "ephemeral_block_device": [],
            "get_password_data": false,
            "hibernation": false,
            "host_id": "",
            "host_resource_group_arn": null,
            "iam_instance_profile": "",
            "id": "i-00468d63994dbe0b9",
            "instance_initiated_shutdown_behavior": "stop",
            "instance_lifecycle": "",
            "instance_market_options": [],
            "instance_state": "running",
            "instance_type": "t3.nano",
            "ipv6_address_count": 0,
            "ipv6_addresses": [],
            "key_name": "",
            "launch_template": [],
            "maintenance_options": [
              {
                "auto_recovery": "default"
              }
            ],
            "metadata_options": [
              {
                "http_endpoint": "enabled",
                "http_protocol_ipv6": "disabled",
                "http_put_response_hop_limit": 1,
                "http_tokens": "optional",
                "instance_metadata_tags": "disabled"
              }
            ],
            "monitoring": false,
            "network_interface": [],
            "outpost_arn": "",
            "password_data": "",
            "placement_group": "",
            "placement_partition_number": 0,
            "primary_network_interface_id": "eni-0556648372e9ba117",
            "private_dns": "ip-172-31-80-35.ap-northeast-1.compute.internal",
            "private_dns_name_options": [
              {
                "enable_resource_name_dns_a_record": false,
                "enable_resource_name_dns_aaaa_record": false,
                "hostname_type": "ip-name"
              }
            ],
            "private_ip": "172.31.80.35",
            "public_dns": "ec2-35-78-105-253.ap-northeast-1.compute.amazonaws.com",
            "public_ip": "35.78.105.253",
            "root_block_device": [
              {
                "delete_on_termination": true,
                "device_name": "/dev/sda1",
                "encrypted": true,
                "iops": 3000,
                "kms_key_id": "arn:aws:kms:ap-northeast-1:935103045726:key/35c21cff-7145-4ca2-a898-c3ea259d3ed2",
                "tags": {
                  "Name": "tinyproxy-5-root"
                },
                "tags_all": {
                  "Name": "tinyproxy-5-root"
                },
                "throughput": 125,
                "volume_id": "vol-08eff8cf3f53b2e2f",
                "volume_size": 8,
                "volume_type": "gp3"
              }
            ],
            "secondary_private_ips": [],
            "security_groups": [
              "tinyproxy-20250916073040787100000001"
            ],
            "source_dest_check": true,
            "spot_instance_request_id": "",
            "subnet_id": "subnet-09f88c96564635123",
            "tags": {
              "AMI_Type": "Ubuntu",
              "Environment": "testing",
              "Index": "5",
              "Name": "tinyproxy-5",
              "Purpose": "proxy-server"
            },
            "tags_all": {
              "AMI_Type": "Ubuntu",
              "Environment": "testing",
              "Index": "5",
              "Name": "tinyproxy-5",
              "Purpose": "proxy-server"
            },
            "tenancy": "default",
            "timeouts": null,
            "user_data": "3448a9ff57f36e4f565d9b9213c19450267516ef",
            "user_data_base64": null,
            "user_data_replace_on_change": true,
            "volume_tags": null,
            "vpc_security_group_ids": [
              "sg-07b48f725be2c9d5c"
            ]
          },
          "sensitive_attributes": [],
          "private": "eyJlMmJmYjczMC1lY2FhLTExZTYtOGY4OC0zNDM2M2JjN2M0YzAiOnsiY3JlYXRlIjo2MDAwMDAwMDAwMDAsImRlbGV0ZSI6MTIwMDAwMDAwMDAwMCwicmVhZCI6OTAwMDAwMDAwMDAwLCJ1cGRhdGUiOjYwMDAwMDAwMDAwMH0sInNjaGVtYV92ZXJzaW9uIjoiMSJ9",
          "dependencies": [
            "aws_security_group.tinyproxy",
            "data.aws_ami.amazon_linux",
            "data.aws_ami.ubuntu_20",
            "data.aws_ami.ubuntu_22",
            "data.aws_subnets.default",
            "data.aws_vpc.default"
          ],
          "create_before_destroy": true
        },
        {
          "index_key": 5,
          "schema_version": 1,
          "attributes": {
            "ami": "ami-07ae0926c47de3c97",
            "arn": "arn:aws:ec2:ap-northeast-1:935103045726:instance/i-04891b5d08b79b328",
            "associate_public_ip_address": true,
            "availability_zone": "ap-northeast-1c",
            "capacity_reservation_specification": [
              {
                "capacity_reservation_preference": "open",
                "capacity_reservation_target": []
              }
            ],
            "cpu_core_count": 1,
            "cpu_options": [
              {
                "amd_sev_snp": "",
                "core_count": 1,
                "threads_per_core": 2
              }
            ],
            "cpu_threads_per_core": 2,
            "credit_specification": [
              {
                "cpu_credits": "unlimited"
              }
            ],
            "disable_api_stop": false,
            "disable_api_termination": false,
            "ebs_block_device": [],
            "ebs_optimized": true,
            "enable_primary_ipv6": null,
            "enclave_options": [
              {
                "enabled": false
              }
            ],
            "ephemeral_block_device": [],
            "get_password_data": false,
            "hibernation": false,
            "host_id": "",
            "host_resource_group_arn": null,
            "iam_instance_profile": "",
            "id": "i-04891b5d08b79b328",
            "instance_initiated_shutdown_behavior": "stop",
            "instance_lifecycle": "",
            "instance_market_options": [],
            "instance_state": "running",
            "instance_type": "t3.nano",
            "ipv6_address_count": 0,
            "ipv6_addresses": [],
            "key_name": "",
            "launch_template": [],
            "maintenance_options": [
              {
                "auto_recovery": "default"
              }
            ],
            "metadata_options": [
              {
                "http_endpoint": "enabled",
                "http_protocol_ipv6": "disabled",
                "http_put_response_hop_limit": 1,
                "http_tokens": "optional",
                "instance_metadata_tags": "disabled"
              }
            ],
            "monitoring": false,
            "network_interface": [],
            "outpost_arn": "",
            "password_data": "",
            "placement_group": "",
            "placement_partition_number": 0,
            "primary_network_interface_id": "eni-048ddbb1c95ea24a8",
            "private_dns": "ip-172-31-12-247.ap-northeast-1.compute.internal",
            "private_dns_name_options": [
              {
                "enable_resource_name_dns_a_record": false,
                "enable_resource_name_dns_aaaa_record": false,
                "hostname_type": "ip-name"
              }
            ],
            "private_ip": "172.31.12.247",
            "public_dns": "ec2-54-250-188-71.ap-northeast-1.compute.amazonaws.com",
            "public_ip": "54.250.188.71",
            "root_block_device": [
              {
                "delete_on_termination": true,
                "device_name": "/dev/sda1",
                "encrypted": true,
                "iops": 3000,
                "kms_key_id": "arn:aws:kms:ap-northeast-1:935103045726:key/35c21cff-7145-4ca2-a898-c3ea259d3ed2",
                "tags": {
                  "Name": "tinyproxy-6-root"
                },
                "tags_all": {
                  "Name": "tinyproxy-6-root"
                },
                "throughput": 125,
                "volume_id": "vol-01c43a99e205e44b6",
                "volume_size": 8,
                "volume_type": "gp3"
              }
            ],
            "secondary_private_ips": [],
            "security_groups": [
              "tinyproxy-20250916073040787100000001"
            ],
            "source_dest_check": true,
            "spot_instance_request_id": "",
            "subnet_id": "subnet-03ab8212e7d3b1c58",
            "tags": {
              "AMI_Type": "Ubuntu",
              "Environment": "testing",
              "Index": "6",
              "Name": "tinyproxy-6",
              "Purpose": "proxy-server"
            },
            "tags_all": {
              "AMI_Type": "Ubuntu",
              "Environment": "testing",
              "Index": "6",
              "Name": "tinyproxy-6",
              "Purpose": "proxy-server"
            },
            "tenancy": "default",
            "timeouts": null,
            "user_data": "3448a9ff57f36e4f565d9b9213c19450267516ef",
            "user_data_base64": null,
            "user_data_replace_on_change": true,
            "volume_tags": null,
            "vpc_security_group_ids": [
              "sg-07b48f725be2c9d5c"
            ]
          },
          "sensitive_attributes": [],
          "private": "eyJlMmJmYjczMC1lY2FhLTExZTYtOGY4OC0zNDM2M2JjN2M0YzAiOnsiY3JlYXRlIjo2MDAwMDAwMDAwMDAsImRlbGV0ZSI6MTIwMDAwMDAwMDAwMCwicmVhZCI6OTAwMDAwMDAwMDAwLCJ1cGRhdGUiOjYwMDAwMDAwMDAwMH0sInNjaGVtYV92ZXJzaW9uIjoiMSJ9",
          "dependencies": [
            "aws_security_group.tinyproxy",
            "data.aws_ami.amazon_linux",
            "data.aws_ami.ubuntu_20",
            "data.aws_ami.ubuntu_22",
            "data.aws_subnets.default",
            "data.aws_vpc.default"
          ],
          "create_before_destroy": true
        },
        {
          "index_key": 6,
          "schema_version": 1,
          "attributes": {
            "ami": "ami-07ae0926c47de3c97",
            "arn": "arn:aws:ec2:ap-northeast-1:935103045726:instance/i-0a5a952e77b275ae5",
            "associate_public_ip_address": true,
            "availability_zone": "ap-northeast-1a",
            "capacity_reservation_specification": [
              {
                "capacity_reservation_preference": "open",
                "capacity_reservation_target": []
              }
            ],
            "cpu_core_count": 1,
            "cpu_options": [
              {
                "amd_sev_snp": "",
                "core_count": 1,
                "threads_per_core": 2
              }
            ],
            "cpu_threads_per_core": 2,
            "credit_specification": [
              {
                "cpu_credits": "unlimited"
              }
            ],
            "disable_api_stop": false,
            "disable_api_termination": false,
            "ebs_block_device": [],
            "ebs_optimized": true,
            "enable_primary_ipv6": null,
            "enclave_options": [
              {
                "enabled": false
              }
            ],
            "ephemeral_block_device": [],
            "get_password_data": false,
            "hibernation": false,
            "host_id": "",
            "host_resource_group_arn": null,
            "iam_instance_profile": "",
            "id": "i-0a5a952e77b275ae5",
            "instance_initiated_shutdown_behavior": "stop",
            "instance_lifecycle": "",
            "instance_market_options": [],
            "instance_state": "running",
            "instance_type": "t3.nano",
            "ipv6_address_count": 0,
            "ipv6_addresses": [],
            "key_name": "",
            "launch_template": [],
            "maintenance_options": [
              {
                "auto_recovery": "default"
              }
            ],
            "metadata_options": [
              {
                "http_endpoint": "enabled",
                "http_protocol_ipv6": "disabled",
                "http_put_response_hop_limit": 1,
                "http_tokens": "optional",
                "instance_metadata_tags": "disabled"
              }
            ],
            "monitoring": false,
            "network_interface": [],
            "outpost_arn": "",
            "password_data": "",
            "placement_group": "",
            "placement_partition_number": 0,
            "primary_network_interface_id": "eni-0457712a3fe1385be",
            "private_dns": "ip-172-31-42-175.ap-northeast-1.compute.internal",
            "private_dns_name_options": [
              {
                "enable_resource_name_dns_a_record": false,
                "enable_resource_name_dns_aaaa_record": false,
                "hostname_type": "ip-name"
              }
            ],
            "private_ip": "172.31.42.175",
            "public_dns": "ec2-54-249-40-219.ap-northeast-1.compute.amazonaws.com",
            "public_ip": "54.249.40.219",
            "root_block_device": [
              {
                "delete_on_termination": true,
                "device_name": "/dev/sda1",
                "encrypted": true,
                "iops": 3000,
                "kms_key_id": "arn:aws:kms:ap-northeast-1:935103045726:key/35c21cff-7145-4ca2-a898-c3ea259d3ed2",
                "tags": {
                  "Name": "tinyproxy-7-root"
                },
                "tags_all": {
                  "Name": "tinyproxy-7-root"
                },
                "throughput": 125,
                "volume_id": "vol-0ab8b1fb125fd070e",
                "volume_size": 8,
                "volume_type": "gp3"
              }
            ],
            "secondary_private_ips": [],
            "security_groups": [
              "tinyproxy-20250916073040787100000001"
            ],
            "source_dest_check": true,
            "spot_instance_request_id": "",
            "subnet_id": "subnet-059ab82477120d6c7",
            "tags": {
              "AMI_Type": "Ubuntu",
              "Environment": "testing",
              "Index": "7",
              "Name": "tinyproxy-7",
              "Purpose": "proxy-server"
            },
            "tags_all": {
              "AMI_Type": "Ubuntu",
              "Environment": "testing",
              "Index": "7",
              "Name": "tinyproxy-7",
              "Purpose": "proxy-server"
            },
            "tenancy": "default",
            "timeouts": null,
            "user_data": "3448a9ff57f36e4f565d9b9213c19450267516ef",
            "user_data_base64": null,
            "user_data_replace_on_change": true,
            "volume_tags": null,
            "vpc_security_group_ids": [
              "sg-07b48f725be2c9d5c"
            ]
          },
          "sensitive_attributes": [],
          "private": "eyJlMmJmYjczMC1lY2FhLTExZTYtOGY4OC0zNDM2M2JjN2M0YzAiOnsiY3JlYXRlIjo2MDAwMDAwMDAwMDAsImRlbGV0ZSI6MTIwMDAwMDAwMDAwMCwicmVhZCI6OTAwMDAwMDAwMDAwLCJ1cGRhdGUiOjYwMDAwMDAwMDAwMH0sInNjaGVtYV92ZXJzaW9uIjoiMSJ9",
          "dependencies": [
            "aws_security_group.tinyproxy",
            "data.aws_ami.amazon_linux",
            "data.aws_ami.ubuntu_20",
            "data.aws_ami.ubuntu_22",
            "data.aws_subnets.default",
            "data.aws_vpc.default"
          ],
          "create_before_destroy": true
        },
        {
          "index_key": 7,
          "schema_version": 1,
          "attributes": {
            "ami": "ami-07ae0926c47de3c97",
            "arn": "arn:aws:ec2:ap-northeast-1:935103045726:instance/i-0f587f80d58346e84",
            "associate_public_ip_address": true,
            "availability_zone": "ap-northeast-1d",
            "capacity_reservation_specification": [
              {
                "capacity_reservation_preference": "open",
                "capacity_reservation_target": []
              }
            ],
            "cpu_core_count": 1,
            "cpu_options": [
              {
                "amd_sev_snp": "",
                "core_count": 1,
                "threads_per_core": 2
              }
            ],
            "cpu_threads_per_core": 2,
            "credit_specification": [
              {
                "cpu_credits": "unlimited"
              }
            ],
            "disable_api_stop": false,
            "disable_api_termination": false,
            "ebs_block_device": [],
            "ebs_optimized": true,
            "enable_primary_ipv6": null,
            "enclave_options": [
              {
                "enabled": false
              }
            ],
            "ephemeral_block_device": [],
            "get_password_data": false,
            "hibernation": false,
            "host_id": "",
            "host_resource_group_arn": null,
            "iam_instance_profile": "",
            "id": "i-0f587f80d58346e84",
            "instance_initiated_shutdown_behavior": "stop",
            "instance_lifecycle": "",
            "instance_market_options": [],
            "instance_state": "running",
            "instance_type": "t3.nano",
            "ipv6_address_count": 0,
            "ipv6_addresses": [],
            "key_name": "",
            "launch_template": [],
            "maintenance_options": [
              {
                "auto_recovery": "default"
              }
            ],
            "metadata_options": [
              {
                "http_endpoint": "enabled",
                "http_protocol_ipv6": "disabled",
                "http_put_response_hop_limit": 1,
                "http_tokens": "optional",
                "instance_metadata_tags": "disabled"
              }
            ],
            "monitoring": false,
            "network_interface": [],
            "outpost_arn": "",
            "password_data": "",
            "placement_group": "",
            "placement_partition_number": 0,
            "primary_network_interface_id": "eni-0f5fcc1482ebc796c",
            "private_dns": "ip-172-31-90-198.ap-northeast-1.compute.internal",
            "private_dns_name_options": [
              {
                "enable_resource_name_dns_a_record": false,
                "enable_resource_name_dns_aaaa_record": false,
                "hostname_type": "ip-name"
              }
            ],
            "private_ip": "172.31.90.198",
            "public_dns": "ec2-57-182-249-162.ap-northeast-1.compute.amazonaws.com",
            "public_ip": "57.182.249.162",
            "root_block_device": [
              {
                "delete_on_termination": true,
                "device_name": "/dev/sda1",
                "encrypted": true,
                "iops": 3000,
                "kms_key_id": "arn:aws:kms:ap-northeast-1:935103045726:key/35c21cff-7145-4ca2-a898-c3ea259d3ed2",
                "tags": {
                  "Name": "tinyproxy-8-root"
                },
                "tags_all": {
                  "Name": "tinyproxy-8-root"
                },
                "throughput": 125,
                "volume_id": "vol-0edc79949256266de",
                "volume_size": 8,
                "volume_type": "gp3"
              }
            ],
            "secondary_private_ips": [],
            "security_groups": [
              "tinyproxy-20250916073040787100000001"
            ],
            "source_dest_check": true,
            "spot_instance_request_id": "",
            "subnet_id": "subnet-0d7d5ead434c87e37",
            "tags": {
              "AMI_Type": "Ubuntu",
              "Environment": "testing",
              "Index": "8",
              "Name": "tinyproxy-8",
              "Purpose": "proxy-server"
            },
            "tags_all": {
              "AMI_Type": "Ubuntu",
              "Environment": "testing",
              "Index": "8",
              "Name": "tinyproxy-8",
              "Purpose": "proxy-server"
            },
            "tenancy": "default",
            "timeouts": null,
            "user_data": "3448a9ff57f36e4f565d9b9213c19450267516ef",
            "user_data_base64": null,
            "user_data_replace_on_change": true,
            "volume_tags": null,
            "vpc_security_group_ids": [
              "sg-07b48f725be2c9d5c"
            ]
          },
          "sensitive_attributes": [],
          "private": "eyJlMmJmYjczMC1lY2FhLTExZTYtOGY4OC0zNDM2M2JjN2M0YzAiOnsiY3JlYXRlIjo2MDAwMDAwMDAwMDAsImRlbGV0ZSI6MTIwMDAwMDAwMDAwMCwicmVhZCI6OTAwMDAwMDAwMDAwLCJ1cGRhdGUiOjYwMDAwMDAwMDAwMH0sInNjaGVtYV92ZXJzaW9uIjoiMSJ9",
          "dependencies": [
            "aws_security_group.tinyproxy",
            "data.aws_ami.amazon_linux",
            "data.aws_ami.ubuntu_20",
            "data.aws_ami.ubuntu_22",
            "data.aws_subnets.default",
            "data.aws_vpc.default"
          ],
          "create_before_destroy": true
        },
        {
          "index_key": 8,
          "schema_version": 1,
          "attributes": {
            "ami": "ami-07ae0926c47de3c97",
            "arn": "arn:aws:ec2:ap-northeast-1:935103045726:instance/i-0c496a8991692fd99",
            "associate_public_ip_address": true,
            "availability_zone": "ap-northeast-1d",
            "capacity_reservation_specification": [
              {
                "capacity_reservation_preference": "open",
                "capacity_reservation_target": []
              }
            ],
            "cpu_core_count": 1,
            "cpu_options": [
              {
                "amd_sev_snp": "",
                "core_count": 1,
                "threads_per_core": 2
              }
            ],
            "cpu_threads_per_core": 2,
            "credit_specification": [
              {
                "cpu_credits": "unlimited"
              }
            ],
            "disable_api_stop": false,
            "disable_api_termination": false,
            "ebs_block_device": [],
            "ebs_optimized": true,
            "enable_primary_ipv6": null,
            "enclave_options": [
              {
                "enabled": false
              }
            ],
            "ephemeral_block_device": [],
            "get_password_data": false,
            "hibernation": false,
            "host_id": "",
            "host_resource_group_arn": null,
            "iam_instance_profile": "",
            "id": "i-0c496a8991692fd99",
            "instance_initiated_shutdown_behavior": "stop",
            "instance_lifecycle": "",
            "instance_market_options": [],
            "instance_state": "running",
            "instance_type": "t3.nano",
            "ipv6_address_count": 0,
            "ipv6_addresses": [],
            "key_name": "",
            "launch_template": [],
            "maintenance_options": [
              {
                "auto_recovery": "default"
              }
            ],
            "metadata_options": [
              {
                "http_endpoint": "enabled",
                "http_protocol_ipv6": "disabled",
                "http_put_response_hop_limit": 1,
                "http_tokens": "optional",
                "instance_metadata_tags": "disabled"
              }
            ],
            "monitoring": false,
            "network_interface": [],
            "outpost_arn": "",
            "password_data": "",
            "placement_group": "",
            "placement_partition_number": 0,
            "primary_network_interface_id": "eni-0e5443b798b430adc",
            "private_dns": "ip-172-31-25-16.ap-northeast-1.compute.internal",
            "private_dns_name_options": [
              {
                "enable_resource_name_dns_a_record": false,
                "enable_resource_name_dns_aaaa_record": false,
                "hostname_type": "ip-name"
              }
            ],
            "private_ip": "172.31.25.16",
            "public_dns": "ec2-35-77-71-179.ap-northeast-1.compute.amazonaws.com",
            "public_ip": "35.77.71.179",
            "root_block_device": [
              {
                "delete_on_termination": true,
                "device_name": "/dev/sda1",
                "encrypted": true,
                "iops": 3000,
                "kms_key_id": "arn:aws:kms:ap-northeast-1:935103045726:key/35c21cff-7145-4ca2-a898-c3ea259d3ed2",
                "tags": {
                  "Name": "tinyproxy-9-root"
                },
                "tags_all": {
                  "Name": "tinyproxy-9-root"
                },
                "throughput": 125,
                "volume_id": "vol-0eb0e4584feb25b45",
                "volume_size": 8,
                "volume_type": "gp3"
              }
            ],
            "secondary_private_ips": [],
            "security_groups": [
              "tinyproxy-20250916073040787100000001"
            ],
            "source_dest_check": true,
            "spot_instance_request_id": "",
            "subnet_id": "subnet-034626c573a086d5c",
            "tags": {
              "AMI_Type": "Ubuntu",
              "Environment": "testing",
              "Index": "9",
              "Name": "tinyproxy-9",
              "Purpose": "proxy-server"
            },
            "tags_all": {
              "AMI_Type": "Ubuntu",
              "Environment": "testing",
              "Index": "9",
              "Name": "tinyproxy-9",
              "Purpose": "proxy-server"
            },
            "tenancy": "default",
            "timeouts": null,
            "user_data": "3448a9ff57f36e4f565d9b9213c19450267516ef",
            "user_data_base64": null,
            "user_data_replace_on_change": true,
            "volume_tags": null,
            "vpc_security_group_ids": [
              "sg-07b48f725be2c9d5c"
            ]
          },
          "sensitive_attributes": [],
          "private": "eyJlMmJmYjczMC1lY2FhLTExZTYtOGY4OC0zNDM2M2JjN2M0YzAiOnsiY3JlYXRlIjo2MDAwMDAwMDAwMDAsImRlbGV0ZSI6MTIwMDAwMDAwMDAwMCwicmVhZCI6OTAwMDAwMDAwMDAwLCJ1cGRhdGUiOjYwMDAwMDAwMDAwMH0sInNjaGVtYV92ZXJzaW9uIjoiMSJ9",
          "dependencies": [
            "aws_security_group.tinyproxy",
            "data.aws_ami.amazon_linux",
            "data.aws_ami.ubuntu_20",
            "data.aws_ami.ubuntu_22",
            "data.aws_subnets.default",
            "data.aws_vpc.default"
          ],
          "create_before_destroy": true
        },
        {
          "index_key": 9,
          "schema_version": 1,
          "attributes": {
            "ami": "ami-07ae0926c47de3c97",
            "arn": "arn:aws:ec2:ap-northeast-1:935103045726:instance/i-0b4fcc231ec633d0e",
            "associate_public_ip_address": true,
            "availability_zone": "ap-northeast-1a",
            "capacity_reservation_specification": [
              {
                "capacity_reservation_preference": "open",
                "capacity_reservation_target": []
              }
            ],
            "cpu_core_count": 1,
            "cpu_options": [
              {
                "amd_sev_snp": "",
                "core_count": 1,
                "threads_per_core": 2
              }
            ],
            "cpu_threads_per_core": 2,
            "credit_specification": [
              {
                "cpu_credits": "unlimited"
              }
            ],
            "disable_api_stop": false,
            "disable_api_termination": false,
            "ebs_block_device": [],
            "ebs_optimized": true,
            "enable_primary_ipv6": null,
            "enclave_options": [
              {
                "enabled": false
              }
            ],
            "ephemeral_block_device": [],
            "get_password_data": false,
            "hibernation": false,
            "host_id": "",
            "host_resource_group_arn": null,
            "iam_instance_profile": "",
            "id": "i-0b4fcc231ec633d0e",
            "instance_initiated_shutdown_behavior": "stop",
            "instance_lifecycle": "",
            "instance_market_options": [],
            "instance_state": "running",
            "instance_type": "t3.nano",
            "ipv6_address_count": 0,
            "ipv6_addresses": [],
            "key_name": "",
            "launch_template": [],
            "maintenance_options": [
              {
                "auto_recovery": "default"
              }
            ],
            "metadata_options": [
              {
                "http_endpoint": "enabled",
                "http_protocol_ipv6": "disabled",
                "http_put_response_hop_limit": 1,
                "http_tokens": "optional",
                "instance_metadata_tags": "disabled"
              }
            ],
            "monitoring": false,
            "network_interface": [],
            "outpost_arn": "",
            "password_data": "",
            "placement_group": "",
            "placement_partition_number": 0,
            "primary_network_interface_id": "eni-040b4f1035c812325",
            "private_dns": "ip-172-31-70-239.ap-northeast-1.compute.internal",
            "private_dns_name_options": [
              {
                "enable_resource_name_dns_a_record": false,
                "enable_resource_name_dns_aaaa_record": false,
                "hostname_type": "ip-name"
              }
            ],
            "private_ip": "172.31.70.239",
            "public_dns": "ec2-13-231-235-224.ap-northeast-1.compute.amazonaws.com",
            "public_ip": "13.231.235.224",
            "root_block_device": [
              {
                "delete_on_termination": true,
                "device_name": "/dev/sda1",
                "encrypted": true,
                "iops": 3000,
                "kms_key_id": "arn:aws:kms:ap-northeast-1:935103045726:key/35c21cff-7145-4ca2-a898-c3ea259d3ed2",
                "tags": {
                  "Name": "tinyproxy-10-root"
                },
                "tags_all": {
                  "Name": "tinyproxy-10-root"
                },
                "throughput": 125,
                "volume_id": "vol-039a8e742704be0c3",
                "volume_size": 8,
                "volume_type": "gp3"
              }
            ],
            "secondary_private_ips": [],
            "security_groups": [
              "tinyproxy-20250916073040787100000001"
            ],
            "source_dest_check": true,
            "spot_instance_request_id": "",
            "subnet_id": "subnet-0c69114480a787c09",
            "tags": {
              "AMI_Type": "Ubuntu",
              "Environment": "testing",
              "Index": "10",
              "Name": "tinyproxy-10",
              "Purpose": "proxy-server"
            },
            "tags_all": {
              "AMI_Type": "Ubuntu",
              "Environment": "testing",
              "Index": "10",
              "Name": "tinyproxy-10",
              "Purpose": "proxy-server"
            },
            "tenancy": "default",
            "timeouts": null,
            "user_data": "3448a9ff57f36e4f565d9b9213c19450267516ef",
            "user_data_base64": null,
            "user_data_replace_on_change": true,
            "volume_tags": null,
            "vpc_security_group_ids": [
              "sg-07b48f725be2c9d5c"
            ]
          },
          "sensitive_attributes": [],
          "private": "eyJlMmJmYjczMC1lY2FhLTExZTYtOGY4OC0zNDM2M2JjN2M0YzAiOnsiY3JlYXRlIjo2MDAwMDAwMDAwMDAsImRlbGV0ZSI6MTIwMDAwMDAwMDAwMCwicmVhZCI6OTAwMDAwMDAwMDAwLCJ1cGRhdGUiOjYwMDAwMDAwMDAwMH0sInNjaGVtYV92ZXJzaW9uIjoiMSJ9",
          "dependencies": [
            "aws_security_group.tinyproxy",
            "data.aws_ami.amazon_linux",
            "data.aws_ami.ubuntu_20",
            "data.aws_ami.ubuntu_22",
            "data.aws_subnets.default",
            "data.aws_vpc.default"
          ],
          "create_before_destroy": true
        }
      ]
    },
    {
      "mode": "managed",
      "type": "aws_security_group",
      "name": "tinyproxy",
      "provider": "provider[\"registry.terraform.io/hashicorp/aws\"]",
      "instances": [
        {
          "schema_version": 1,
          "attributes": {
            "arn": "arn:aws:ec2:ap-northeast-1:935103045726:security-group/sg-07b48f725be2c9d5c",
            "description": "Security group for TinyProxy instances",
            "egress": [
              {
                "cidr_blocks": [
                  "0.0.0.0/0"
                ],
                "description": "",
                "from_port": 0,
                "ipv6_cidr_blocks": [],
                "prefix_list_ids": [],
                "protocol": "-1",
                "security_groups": [],
                "self": false,
                "to_port": 0
              }
            ],
            "id": "sg-07b48f725be2c9d5c",
            "ingress": [
              {
                "cidr_blocks": [
                  "0.0.0.0/0"
                ],
                "description": "CORS-Anywhere",
                "from_port": 8889,
                "ipv6_cidr_blocks": [],
                "prefix_list_ids": [],
                "protocol": "tcp",
                "security_groups": [],
                "self": false,
                "to_port": 8889
              },
              {
                "cidr_blocks": [
                  "0.0.0.0/0"
                ],
                "description": "SSH",
                "from_port": 22,
                "ipv6_cidr_blocks": [],
                "prefix_list_ids": [],
                "protocol": "tcp",
                "security_groups": [],
                "self": false,
                "to_port": 22
              },
              {
                "cidr_blocks": [
                  "0.0.0.0/0"
                ],
                "description": "TinyProxy",
                "from_port": 8888,
                "ipv6_cidr_blocks": [],
                "prefix_list_ids": [],
                "protocol": "tcp",
                "security_groups": [],
                "self": false,
                "to_port": 8888
              }
            ],
            "name": "tinyproxy-20250916073040787100000001",
            "name_prefix": "tinyproxy-",
            "owner_id": "935103045726",
            "revoke_rules_on_delete": false,
            "tags": {
              "Name": "tinyproxy-security-group"
            },
            "tags_all": {
              "Name": "tinyproxy-security-group"
            },
            "timeouts": null,
            "vpc_id": "vpc-0626f3af338d9af34"
          },
          "sensitive_attributes": [],
          "private": "eyJlMmJmYjczMC1lY2FhLTExZTYtOGY4OC0zNDM2M2JjN2M0YzAiOnsiY3JlYXRlIjo2MDAwMDAwMDAwMDAsImRlbGV0ZSI6OTAwMDAwMDAwMDAwfSwic2NoZW1hX3ZlcnNpb24iOiIxIn0=",
          "dependencies": [
            "data.aws_vpc.default"
          ],
          "create_before_destroy": true
        }
      ]
    }
  ],
  "check_results": null
}
