{
  "version": 4,
  "terraform_version": "1.10.3",
  "serial": 179,
  "lineage": "0df0b15e-af36-9fb4-934b-585f3e9f4bf8",
  "outputs": {
    "deployment_summary": {
      "value": {
        "ami_type": "Ubuntu",
        "instance_count": 5,
        "instance_type": "t3.nano",
        "region": "ap-northeast-1",
        "total_cost_estimate": "19 USD/month (approximate for t3.nano)"
      },
      "type": [
        "object",
        {
          "ami_type": "string",
          "instance_count": "number",
          "instance_type": "string",
          "region": "string",
          "total_cost_estimate": "string"
        }
      ]
    },
    "proxy_endpoints": {
      "value": [
        "13.230.227.102:8888",
        "13.158.55.111:8888",
        "43.206.102.54:8888",
        "13.230.97.21:8888",
        "43.207.146.149:8888"
      ],
      "type": [
        "tuple",
        [
          "string",
          "string",
          "string",
          "string",
          "string"
        ]
      ]
    },
    "proxy_instances": {
      "value": [
        {
          "instance_id": "i-00357aa8b82c1157e",
          "name": "proxy-1",
          "private_ip": "172.31.43.57",
          "proxy_endpoint": "13.230.227.102:8888",
          "public_ip": "13.230.227.102",
          "ssh_command": "ssh -i your-key.pem ubuntu@13.230.227.102"
        },
        {
          "instance_id": "i-06917fee2d3ac8fa5",
          "name": "proxy-2",
          "private_ip": "172.31.90.94",
          "proxy_endpoint": "13.158.55.111:8888",
          "public_ip": "13.158.55.111",
          "ssh_command": "ssh -i your-key.pem ubuntu@13.158.55.111"
        },
        {
          "instance_id": "i-08ee5f9e9b31f70ff",
          "name": "proxy-3",
          "private_ip": "172.31.28.215",
          "proxy_endpoint": "43.206.102.54:8888",
          "public_ip": "43.206.102.54",
          "ssh_command": "ssh -i your-key.pem ubuntu@43.206.102.54"
        },
        {
          "instance_id": "i-0aac816685d12638f",
          "name": "proxy-4",
          "private_ip": "172.31.70.238",
          "proxy_endpoint": "13.230.97.21:8888",
          "public_ip": "13.230.97.21",
          "ssh_command": "ssh -i your-key.pem ubuntu@13.230.97.21"
        },
        {
          "instance_id": "i-03ecf34a0be87292f",
          "name": "proxy-5",
          "private_ip": "172.31.80.204",
          "proxy_endpoint": "43.207.146.149:8888",
          "public_ip": "43.207.146.149",
          "ssh_command": "ssh -i your-key.pem ubuntu@43.207.146.149"
        }
      ],
      "type": [
        "tuple",
        [
          [
            "object",
            {
              "instance_id": "string",
              "name": "string",
              "private_ip": "string",
              "proxy_endpoint": "string",
              "public_ip": "string",
              "ssh_command": "string"
            }
          ],
          [
            "object",
            {
              "instance_id": "string",
              "name": "string",
              "private_ip": "string",
              "proxy_endpoint": "string",
              "public_ip": "string",
              "ssh_command": "string"
            }
          ],
          [
            "object",
            {
              "instance_id": "string",
              "name": "string",
              "private_ip": "string",
              "proxy_endpoint": "string",
              "public_ip": "string",
              "ssh_command": "string"
            }
          ],
          [
            "object",
            {
              "instance_id": "string",
              "name": "string",
              "private_ip": "string",
              "proxy_endpoint": "string",
              "public_ip": "string",
              "ssh_command": "string"
            }
          ],
          [
            "object",
            {
              "instance_id": "string",
              "name": "string",
              "private_ip": "string",
              "proxy_endpoint": "string",
              "public_ip": "string",
              "ssh_command": "string"
            }
          ]
        ]
      ]
    },
    "proxy_test_commands": {
      "value": [
        "curl -x 13.230.227.102:8888 http://httpbin.org/ip --connect-timeout 10",
        "curl -x 13.158.55.111:8888 http://httpbin.org/ip --connect-timeout 10",
        "curl -x 43.206.102.54:8888 http://httpbin.org/ip --connect-timeout 10",
        "curl -x 13.230.97.21:8888 http://httpbin.org/ip --connect-timeout 10",
        "curl -x 43.207.146.149:8888 http://httpbin.org/ip --connect-timeout 10"
      ],
      "type": [
        "tuple",
        [
          "string",
          "string",
          "string",
          "string",
          "string"
        ]
      ]
    },
    "selected_ami_info": {
      "value": {
        "ami_id": "ami-07ae0926c47de3c97",
        "ami_type": "Ubuntu"
      },
      "type": [
        "object",
        {
          "ami_id": "string",
          "ami_type": "string"
        }
      ]
    },
    "ssh_commands": {
      "value": [
        "ssh -i tinyproxy-key.pem ubuntu@13.230.227.102",
        "ssh -i tinyproxy-key.pem ubuntu@13.158.55.111",
        "ssh -i tinyproxy-key.pem ubuntu@43.206.102.54",
        "ssh -i tinyproxy-key.pem ubuntu@13.230.97.21",
        "ssh -i tinyproxy-key.pem ubuntu@43.207.146.149"
      ],
      "type": [
        "list",
        "string"
      ]
    }
  },
  "resources": [
    {
      "mode": "data",
      "type": "aws_ami",
      "name": "amazon_linux",
      "provider": "provider[\"registry.terraform.io/hashicorp/aws\"]",
      "instances": [
        {
          "schema_version": 0,
          "attributes": {
            "architecture": "x86_64",
            "arn": "arn:aws:ec2:ap-northeast-1::image/ami-04a0bed0506216d2d",
            "block_device_mappings": [
              {
                "device_name": "/dev/xvda",
                "ebs": {
                  "delete_on_termination": "true",
                  "encrypted": "false",
                  "iops": "0",
                  "snapshot_id": "snap-00cbe473084fed51f",
                  "throughput": "0",
                  "volume_initialization_rate": "0",
                  "volume_size": "8",
                  "volume_type": "gp2"
                },
                "no_device": "",
                "virtual_name": ""
              }
            ],
            "boot_mode": "",
            "creation_date": "2025-09-03T05:26:14.000Z",
            "deprecation_time": "2025-12-02T05:26:00.000Z",
            "description": "Amazon Linux 2 AMI 2.0.20250902.3 x86_64 HVM gp2",
            "ena_support": true,
            "executable_users": null,
            "filter": [
              {
                "name": "name",
                "values": [
                  "amzn2-ami-hvm-*-x86_64-gp2"
                ]
              },
              {
                "name": "state",
                "values": [
                  "available"
                ]
              },
              {
                "name": "virtualization-type",
                "values": [
                  "hvm"
                ]
              }
            ],
            "hypervisor": "xen",
            "id": "ami-04a0bed0506216d2d",
            "image_id": "ami-04a0bed0506216d2d",
            "image_location": "amazon/amzn2-ami-hvm-2.0.20250902.3-x86_64-gp2",
            "image_owner_alias": "amazon",
            "image_type": "machine",
            "imds_support": "",
            "include_deprecated": false,
            "kernel_id": "",
            "last_launched_time": "",
            "most_recent": true,
            "name": "amzn2-ami-hvm-2.0.20250902.3-x86_64-gp2",
            "name_regex": null,
            "owner_id": "137112412989",
            "owners": [
              "amazon"
            ],
            "platform": "",
            "platform_details": "Linux/UNIX",
            "product_codes": [],
            "public": true,
            "ramdisk_id": "",
            "root_device_name": "/dev/xvda",
            "root_device_type": "ebs",
            "root_snapshot_id": "snap-00cbe473084fed51f",
            "sriov_net_support": "simple",
            "state": "available",
            "state_reason": {
              "code": "UNSET",
              "message": "UNSET"
            },
            "tags": {},
            "timeouts": null,
            "tpm_support": "",
            "uefi_data": null,
            "usage_operation": "RunInstances",
            "virtualization_type": "hvm"
          },
          "sensitive_attributes": []
        }
      ]
    },
    {
      "mode": "data",
      "type": "aws_ami",
      "name": "ubuntu_20",
      "provider": "provider[\"registry.terraform.io/hashicorp/aws\"]",
      "instances": [
        {
          "schema_version": 0,
          "attributes": {
            "architecture": "x86_64",
            "arn": "arn:aws:ec2:ap-northeast-1::image/ami-0836e97b3d843dd82",
            "block_device_mappings": [
              {
                "device_name": "/dev/sda1",
                "ebs": {
                  "delete_on_termination": "true",
                  "encrypted": "false",
                  "iops": "0",
                  "snapshot_id": "snap-030ac87380e809157",
                  "throughput": "0",
                  "volume_initialization_rate": "0",
                  "volume_size": "8",
                  "volume_type": "gp2"
                },
                "no_device": "",
                "virtual_name": ""
              },
              {
                "device_name": "/dev/sdb",
                "ebs": {},
                "no_device": "",
                "virtual_name": "ephemeral0"
              },
              {
                "device_name": "/dev/sdc",
                "ebs": {},
                "no_device": "",
                "virtual_name": "ephemeral1"
              }
            ],
            "boot_mode": "legacy-bios",
            "creation_date": "2025-06-25T05:32:58.000Z",
            "deprecation_time": "2027-06-25T05:32:58.000Z",
            "description": "Canonical, Ubuntu, 20.04, amd64 focal image",
            "ena_support": true,
            "executable_users": null,
            "filter": [
              {
                "name": "name",
                "values": [
                  "ubuntu/images/hvm-ssd/ubuntu-focal-20.04-amd64-server-*"
                ]
              },
              {
                "name": "state",
                "values": [
                  "available"
                ]
              },
              {
                "name": "virtualization-type",
                "values": [
                  "hvm"
                ]
              }
            ],
            "hypervisor": "xen",
            "id": "ami-0836e97b3d843dd82",
            "image_id": "ami-0836e97b3d843dd82",
            "image_location": "amazon/ubuntu/images/hvm-ssd/ubuntu-focal-20.04-amd64-server-20250624",
            "image_owner_alias": "amazon",
            "image_type": "machine",
            "imds_support": "",
            "include_deprecated": false,
            "kernel_id": "",
            "last_launched_time": "",
            "most_recent": true,
            "name": "ubuntu/images/hvm-ssd/ubuntu-focal-20.04-amd64-server-20250624",
            "name_regex": null,
            "owner_id": "099720109477",
            "owners": [
              "099720109477"
            ],
            "platform": "",
            "platform_details": "Linux/UNIX",
            "product_codes": [],
            "public": true,
            "ramdisk_id": "",
            "root_device_name": "/dev/sda1",
            "root_device_type": "ebs",
            "root_snapshot_id": "snap-030ac87380e809157",
            "sriov_net_support": "simple",
            "state": "available",
            "state_reason": {
              "code": "UNSET",
              "message": "UNSET"
            },
            "tags": {},
            "timeouts": null,
            "tpm_support": "",
            "uefi_data": null,
            "usage_operation": "RunInstances",
            "virtualization_type": "hvm"
          },
          "sensitive_attributes": []
        }
      ]
    },
    {
      "mode": "data",
      "type": "aws_ami",
      "name": "ubuntu_22",
      "provider": "provider[\"registry.terraform.io/hashicorp/aws\"]",
      "instances": [
        {
          "schema_version": 0,
          "attributes": {
            "architecture": "x86_64",
            "arn": "arn:aws:ec2:ap-northeast-1::image/ami-07ae0926c47de3c97",
            "block_device_mappings": [
              {
                "device_name": "/dev/sda1",
                "ebs": {
                  "delete_on_termination": "true",
                  "encrypted": "false",
                  "iops": "0",
                  "snapshot_id": "snap-0f27461dc1604b8e7",
                  "throughput": "0",
                  "volume_initialization_rate": "0",
                  "volume_size": "8",
                  "volume_type": "gp2"
                },
                "no_device": "",
                "virtual_name": ""
              },
              {
                "device_name": "/dev/sdb",
                "ebs": {},
                "no_device": "",
                "virtual_name": "ephemeral0"
              },
              {
                "device_name": "/dev/sdc",
                "ebs": {},
                "no_device": "",
                "virtual_name": "ephemeral1"
              }
            ],
            "boot_mode": "uefi-preferred",
            "creation_date": "2025-09-11T06:55:04.000Z",
            "deprecation_time": "2027-09-11T06:55:04.000Z",
            "description": "Canonical, Ubuntu, 22.04, amd64 jammy image",
            "ena_support": true,
            "executable_users": null,
            "filter": [
              {
                "name": "name",
                "values": [
                  "ubuntu/images/hvm-ssd/ubuntu-jammy-22.04-amd64-server-*"
                ]
              },
              {
                "name": "state",
                "values": [
                  "available"
                ]
              },
              {
                "name": "virtualization-type",
                "values": [
                  "hvm"
                ]
              }
            ],
            "hypervisor": "xen",
            "id": "ami-07ae0926c47de3c97",
            "image_id": "ami-07ae0926c47de3c97",
            "image_location": "amazon/ubuntu/images/hvm-ssd/ubuntu-jammy-22.04-amd64-server-20250911",
            "image_owner_alias": "amazon",
            "image_type": "machine",
            "imds_support": "",
            "include_deprecated": false,
            "kernel_id": "",
            "last_launched_time": "",
            "most_recent": true,
            "name": "ubuntu/images/hvm-ssd/ubuntu-jammy-22.04-amd64-server-20250911",
            "name_regex": null,
            "owner_id": "099720109477",
            "owners": [
              "099720109477"
            ],
            "platform": "",
            "platform_details": "Linux/UNIX",
            "product_codes": [],
            "public": true,
            "ramdisk_id": "",
            "root_device_name": "/dev/sda1",
            "root_device_type": "ebs",
            "root_snapshot_id": "snap-0f27461dc1604b8e7",
            "sriov_net_support": "simple",
            "state": "available",
            "state_reason": {
              "code": "UNSET",
              "message": "UNSET"
            },
            "tags": {},
            "timeouts": null,
            "tpm_support": "",
            "uefi_data": null,
            "usage_operation": "RunInstances",
            "virtualization_type": "hvm"
          },
          "sensitive_attributes": []
        }
      ]
    },
    {
      "mode": "data",
      "type": "aws_availability_zones",
      "name": "available",
      "provider": "provider[\"registry.terraform.io/hashicorp/aws\"]",
      "instances": [
        {
          "schema_version": 0,
          "attributes": {
            "all_availability_zones": null,
            "exclude_names": null,
            "exclude_zone_ids": null,
            "filter": null,
            "group_names": [
              "ap-northeast-1-zg-1"
            ],
            "id": "ap-northeast-1",
            "names": [
              "ap-northeast-1a",
              "ap-northeast-1c",
              "ap-northeast-1d"
            ],
            "state": "available",
            "timeouts": null,
            "zone_ids": [
              "apne1-az4",
              "apne1-az1",
              "apne1-az2"
            ]
          },
          "sensitive_attributes": []
        }
      ]
    },
    {
      "mode": "data",
      "type": "aws_subnets",
      "name": "default",
      "provider": "provider[\"registry.terraform.io/hashicorp/aws\"]",
      "instances": [
        {
          "schema_version": 0,
          "attributes": {
            "filter": [
              {
                "name": "vpc-id",
                "values": [
                  "vpc-0626f3af338d9af34"
                ]
              }
            ],
            "id": "ap-northeast-1",
            "ids": [
              "subnet-059ab82477120d6c7",
              "subnet-0d7d5ead434c87e37",
              "subnet-034626c573a086d5c",
              "subnet-0c69114480a787c09",
              "subnet-09f88c96564635123",
              "subnet-03ab8212e7d3b1c58"
            ],
            "tags": null,
            "timeouts": null
          },
          "sensitive_attributes": []
        }
      ]
    },
    {
      "mode": "data",
      "type": "aws_vpc",
      "name": "default",
      "provider": "provider[\"registry.terraform.io/hashicorp/aws\"]",
      "instances": [
        {
          "schema_version": 0,
          "attributes": {
            "arn": "arn:aws:ec2:ap-northeast-1:935103045726:vpc/vpc-0626f3af338d9af34",
            "cidr_block": "172.31.0.0/16",
            "cidr_block_associations": [
              {
                "association_id": "vpc-cidr-assoc-088b02d42592e6cab",
                "cidr_block": "172.31.0.0/16",
                "state": "associated"
              }
            ],
            "default": true,
            "dhcp_options_id": "dopt-06ec38f0a1a17b946",
            "enable_dns_hostnames": true,
            "enable_dns_support": true,
            "enable_network_address_usage_metrics": false,
            "filter": null,
            "id": "vpc-0626f3af338d9af34",
            "instance_tenancy": "default",
            "ipv6_association_id": "",
            "ipv6_cidr_block": "",
            "main_route_table_id": "rtb-0b7ed715f5027af96",
            "owner_id": "935103045726",
            "state": null,
            "tags": {},
            "timeouts": null
          },
          "sensitive_attributes": []
        }
      ]
    },
    {
      "mode": "managed",
      "type": "aws_instance",
      "name": "cors_anywhere",
      "provider": "provider[\"registry.terraform.io/hashicorp/aws\"]",
      "instances": [
        {
          "index_key": 0,
          "schema_version": 1,
          "attributes": {
            "ami": "ami-07ae0926c47de3c97",
            "arn": "arn:aws:ec2:ap-northeast-1:935103045726:instance/i-00357aa8b82c1157e",
            "associate_public_ip_address": true,
            "availability_zone": "ap-northeast-1a",
            "capacity_reservation_specification": [
              {
                "capacity_reservation_preference": "open",
                "capacity_reservation_target": []
              }
            ],
            "cpu_core_count": 1,
            "cpu_options": [
              {
                "amd_sev_snp": "",
                "core_count": 1,
                "threads_per_core": 2
              }
            ],
            "cpu_threads_per_core": 2,
            "credit_specification": [
              {
                "cpu_credits": "unlimited"
              }
            ],
            "disable_api_stop": false,
            "disable_api_termination": false,
            "ebs_block_device": [],
            "ebs_optimized": true,
            "enable_primary_ipv6": null,
            "enclave_options": [
              {
                "enabled": false
              }
            ],
            "ephemeral_block_device": [],
            "get_password_data": false,
            "hibernation": false,
            "host_id": "",
            "host_resource_group_arn": null,
            "iam_instance_profile": "",
            "id": "i-00357aa8b82c1157e",
            "instance_initiated_shutdown_behavior": "stop",
            "instance_lifecycle": "",
            "instance_market_options": [],
            "instance_state": "running",
            "instance_type": "t3.nano",
            "ipv6_address_count": 0,
            "ipv6_addresses": [],
            "key_name": "tinyproxy-key",
            "launch_template": [],
            "maintenance_options": [
              {
                "auto_recovery": "default"
              }
            ],
            "metadata_options": [
              {
                "http_endpoint": "enabled",
                "http_protocol_ipv6": "disabled",
                "http_put_response_hop_limit": 1,
                "http_tokens": "optional",
                "instance_metadata_tags": "disabled"
              }
            ],
            "monitoring": false,
            "network_interface": [],
            "outpost_arn": "",
            "password_data": "",
            "placement_group": "",
            "placement_partition_number": 0,
            "primary_network_interface_id": "eni-0ae6a5586ff611b9d",
            "private_dns": "ip-172-31-43-57.ap-northeast-1.compute.internal",
            "private_dns_name_options": [
              {
                "enable_resource_name_dns_a_record": false,
                "enable_resource_name_dns_aaaa_record": false,
                "hostname_type": "ip-name"
              }
            ],
            "private_ip": "172.31.43.57",
            "public_dns": "ec2-13-230-227-102.ap-northeast-1.compute.amazonaws.com",
            "public_ip": "13.230.227.102",
            "root_block_device": [
              {
                "delete_on_termination": true,
                "device_name": "/dev/sda1",
                "encrypted": true,
                "iops": 3000,
                "kms_key_id": "arn:aws:kms:ap-northeast-1:935103045726:key/35c21cff-7145-4ca2-a898-c3ea259d3ed2",
                "tags": {
                  "Name": "cors-anywhere-1-root"
                },
                "tags_all": {
                  "Name": "cors-anywhere-1-root"
                },
                "throughput": 125,
                "volume_id": "vol-09fbd93f441c566db",
                "volume_size": 8,
                "volume_type": "gp3"
              }
            ],
            "secondary_private_ips": [],
            "security_groups": [
              "cors-anywhere-20250916051229231500000001"
            ],
            "source_dest_check": true,
            "spot_instance_request_id": "",
            "subnet_id": "subnet-059ab82477120d6c7",
            "tags": {
              "AMI_Type": "Ubuntu",
              "Environment": "testing",
              "Index": "1",
              "Name": "cors-anywhere-1",
              "Purpose": "proxy-server"
            },
            "tags_all": {
              "AMI_Type": "Ubuntu",
              "Environment": "testing",
              "Index": "1",
              "Name": "cors-anywhere-1",
              "Purpose": "proxy-server"
            },
            "tenancy": "default",
            "timeouts": null,
            "user_data": "9fc7ddfe34a09590e14724157132686f3ee7a002",
            "user_data_base64": null,
            "user_data_replace_on_change": true,
            "volume_tags": null,
            "vpc_security_group_ids": [
              "sg-07d6712a9ff0c4617"
            ]
          },
          "sensitive_attributes": [],
          "private": "eyJlMmJmYjczMC1lY2FhLTExZTYtOGY4OC0zNDM2M2JjN2M0YzAiOnsiY3JlYXRlIjo2MDAwMDAwMDAwMDAsImRlbGV0ZSI6MTIwMDAwMDAwMDAwMCwicmVhZCI6OTAwMDAwMDAwMDAwLCJ1cGRhdGUiOjYwMDAwMDAwMDAwMH0sInNjaGVtYV92ZXJzaW9uIjoiMSJ9",
          "dependencies": [
            "aws_security_group.cors_anywhere",
            "data.aws_ami.amazon_linux",
            "data.aws_ami.ubuntu_20",
            "data.aws_ami.ubuntu_22",
            "data.aws_subnets.default",
            "data.aws_vpc.default"
          ],
          "create_before_destroy": true
        },
        {
          "index_key": 1,
          "schema_version": 1,
          "attributes": {
            "ami": "ami-07ae0926c47de3c97",
            "arn": "arn:aws:ec2:ap-northeast-1:935103045726:instance/i-06917fee2d3ac8fa5",
            "associate_public_ip_address": true,
            "availability_zone": "ap-northeast-1d",
            "capacity_reservation_specification": [
              {
                "capacity_reservation_preference": "open",
                "capacity_reservation_target": []
              }
            ],
            "cpu_core_count": 1,
            "cpu_options": [
              {
                "amd_sev_snp": "",
                "core_count": 1,
                "threads_per_core": 2
              }
            ],
            "cpu_threads_per_core": 2,
            "credit_specification": [
              {
                "cpu_credits": "unlimited"
              }
            ],
            "disable_api_stop": false,
            "disable_api_termination": false,
            "ebs_block_device": [],
            "ebs_optimized": true,
            "enable_primary_ipv6": null,
            "enclave_options": [
              {
                "enabled": false
              }
            ],
            "ephemeral_block_device": [],
            "get_password_data": false,
            "hibernation": false,
            "host_id": "",
            "host_resource_group_arn": null,
            "iam_instance_profile": "",
            "id": "i-06917fee2d3ac8fa5",
            "instance_initiated_shutdown_behavior": "stop",
            "instance_lifecycle": "",
            "instance_market_options": [],
            "instance_state": "running",
            "instance_type": "t3.nano",
            "ipv6_address_count": 0,
            "ipv6_addresses": [],
            "key_name": "tinyproxy-key",
            "launch_template": [],
            "maintenance_options": [
              {
                "auto_recovery": "default"
              }
            ],
            "metadata_options": [
              {
                "http_endpoint": "enabled",
                "http_protocol_ipv6": "disabled",
                "http_put_response_hop_limit": 1,
                "http_tokens": "optional",
                "instance_metadata_tags": "disabled"
              }
            ],
            "monitoring": false,
            "network_interface": [],
            "outpost_arn": "",
            "password_data": "",
            "placement_group": "",
            "placement_partition_number": 0,
            "primary_network_interface_id": "eni-0078a3494a508689b",
            "private_dns": "ip-172-31-90-94.ap-northeast-1.compute.internal",
            "private_dns_name_options": [
              {
                "enable_resource_name_dns_a_record": false,
                "enable_resource_name_dns_aaaa_record": false,
                "hostname_type": "ip-name"
              }
            ],
            "private_ip": "172.31.90.94",
            "public_dns": "ec2-13-158-55-111.ap-northeast-1.compute.amazonaws.com",
            "public_ip": "13.158.55.111",
            "root_block_device": [
              {
                "delete_on_termination": true,
                "device_name": "/dev/sda1",
                "encrypted": true,
                "iops": 3000,
                "kms_key_id": "arn:aws:kms:ap-northeast-1:935103045726:key/35c21cff-7145-4ca2-a898-c3ea259d3ed2",
                "tags": {
                  "Name": "cors-anywhere-2-root"
                },
                "tags_all": {
                  "Name": "cors-anywhere-2-root"
                },
                "throughput": 125,
                "volume_id": "vol-0c5b65485ca829fd5",
                "volume_size": 8,
                "volume_type": "gp3"
              }
            ],
            "secondary_private_ips": [],
            "security_groups": [
              "cors-anywhere-20250916051229231500000001"
            ],
            "source_dest_check": true,
            "spot_instance_request_id": "",
            "subnet_id": "subnet-0d7d5ead434c87e37",
            "tags": {
              "AMI_Type": "Ubuntu",
              "Environment": "testing",
              "Index": "2",
              "Name": "cors-anywhere-2",
              "Purpose": "proxy-server"
            },
            "tags_all": {
              "AMI_Type": "Ubuntu",
              "Environment": "testing",
              "Index": "2",
              "Name": "cors-anywhere-2",
              "Purpose": "proxy-server"
            },
            "tenancy": "default",
            "timeouts": null,
            "user_data": "9fc7ddfe34a09590e14724157132686f3ee7a002",
            "user_data_base64": null,
            "user_data_replace_on_change": true,
            "volume_tags": null,
            "vpc_security_group_ids": [
              "sg-07d6712a9ff0c4617"
            ]
          },
          "sensitive_attributes": [],
          "private": "eyJlMmJmYjczMC1lY2FhLTExZTYtOGY4OC0zNDM2M2JjN2M0YzAiOnsiY3JlYXRlIjo2MDAwMDAwMDAwMDAsImRlbGV0ZSI6MTIwMDAwMDAwMDAwMCwicmVhZCI6OTAwMDAwMDAwMDAwLCJ1cGRhdGUiOjYwMDAwMDAwMDAwMH0sInNjaGVtYV92ZXJzaW9uIjoiMSJ9",
          "dependencies": [
            "aws_security_group.cors_anywhere",
            "data.aws_ami.amazon_linux",
            "data.aws_ami.ubuntu_20",
            "data.aws_ami.ubuntu_22",
            "data.aws_subnets.default",
            "data.aws_vpc.default"
          ],
          "create_before_destroy": true
        },
        {
          "index_key": 2,
          "schema_version": 1,
          "attributes": {
            "ami": "ami-07ae0926c47de3c97",
            "arn": "arn:aws:ec2:ap-northeast-1:935103045726:instance/i-08ee5f9e9b31f70ff",
            "associate_public_ip_address": true,
            "availability_zone": "ap-northeast-1d",
            "capacity_reservation_specification": [
              {
                "capacity_reservation_preference": "open",
                "capacity_reservation_target": []
              }
            ],
            "cpu_core_count": 1,
            "cpu_options": [
              {
                "amd_sev_snp": "",
                "core_count": 1,
                "threads_per_core": 2
              }
            ],
            "cpu_threads_per_core": 2,
            "credit_specification": [
              {
                "cpu_credits": "unlimited"
              }
            ],
            "disable_api_stop": false,
            "disable_api_termination": false,
            "ebs_block_device": [],
            "ebs_optimized": true,
            "enable_primary_ipv6": null,
            "enclave_options": [
              {
                "enabled": false
              }
            ],
            "ephemeral_block_device": [],
            "get_password_data": false,
            "hibernation": false,
            "host_id": "",
            "host_resource_group_arn": null,
            "iam_instance_profile": "",
            "id": "i-08ee5f9e9b31f70ff",
            "instance_initiated_shutdown_behavior": "stop",
            "instance_lifecycle": "",
            "instance_market_options": [],
            "instance_state": "running",
            "instance_type": "t3.nano",
            "ipv6_address_count": 0,
            "ipv6_addresses": [],
            "key_name": "tinyproxy-key",
            "launch_template": [],
            "maintenance_options": [
              {
                "auto_recovery": "default"
              }
            ],
            "metadata_options": [
              {
                "http_endpoint": "enabled",
                "http_protocol_ipv6": "disabled",
                "http_put_response_hop_limit": 1,
                "http_tokens": "optional",
                "instance_metadata_tags": "disabled"
              }
            ],
            "monitoring": false,
            "network_interface": [],
            "outpost_arn": "",
            "password_data": "",
            "placement_group": "",
            "placement_partition_number": 0,
            "primary_network_interface_id": "eni-096ab01241a4d1e90",
            "private_dns": "ip-172-31-28-215.ap-northeast-1.compute.internal",
            "private_dns_name_options": [
              {
                "enable_resource_name_dns_a_record": false,
                "enable_resource_name_dns_aaaa_record": false,
                "hostname_type": "ip-name"
              }
            ],
            "private_ip": "172.31.28.215",
            "public_dns": "ec2-43-206-102-54.ap-northeast-1.compute.amazonaws.com",
            "public_ip": "43.206.102.54",
            "root_block_device": [
              {
                "delete_on_termination": true,
                "device_name": "/dev/sda1",
                "encrypted": true,
                "iops": 3000,
                "kms_key_id": "arn:aws:kms:ap-northeast-1:935103045726:key/35c21cff-7145-4ca2-a898-c3ea259d3ed2",
                "tags": {
                  "Name": "cors-anywhere-3-root"
                },
                "tags_all": {
                  "Name": "cors-anywhere-3-root"
                },
                "throughput": 125,
                "volume_id": "vol-0d6142e3617e648fc",
                "volume_size": 8,
                "volume_type": "gp3"
              }
            ],
            "secondary_private_ips": [],
            "security_groups": [
              "cors-anywhere-20250916051229231500000001"
            ],
            "source_dest_check": true,
            "spot_instance_request_id": "",
            "subnet_id": "subnet-034626c573a086d5c",
            "tags": {
              "AMI_Type": "Ubuntu",
              "Environment": "testing",
              "Index": "3",
              "Name": "cors-anywhere-3",
              "Purpose": "proxy-server"
            },
            "tags_all": {
              "AMI_Type": "Ubuntu",
              "Environment": "testing",
              "Index": "3",
              "Name": "cors-anywhere-3",
              "Purpose": "proxy-server"
            },
            "tenancy": "default",
            "timeouts": null,
            "user_data": "9fc7ddfe34a09590e14724157132686f3ee7a002",
            "user_data_base64": null,
            "user_data_replace_on_change": true,
            "volume_tags": null,
            "vpc_security_group_ids": [
              "sg-07d6712a9ff0c4617"
            ]
          },
          "sensitive_attributes": [],
          "private": "eyJlMmJmYjczMC1lY2FhLTExZTYtOGY4OC0zNDM2M2JjN2M0YzAiOnsiY3JlYXRlIjo2MDAwMDAwMDAwMDAsImRlbGV0ZSI6MTIwMDAwMDAwMDAwMCwicmVhZCI6OTAwMDAwMDAwMDAwLCJ1cGRhdGUiOjYwMDAwMDAwMDAwMH0sInNjaGVtYV92ZXJzaW9uIjoiMSJ9",
          "dependencies": [
            "aws_security_group.cors_anywhere",
            "data.aws_ami.amazon_linux",
            "data.aws_ami.ubuntu_20",
            "data.aws_ami.ubuntu_22",
            "data.aws_subnets.default",
            "data.aws_vpc.default"
          ],
          "create_before_destroy": true
        },
        {
          "index_key": 3,
          "schema_version": 1,
          "attributes": {
            "ami": "ami-07ae0926c47de3c97",
            "arn": "arn:aws:ec2:ap-northeast-1:935103045726:instance/i-0aac816685d12638f",
            "associate_public_ip_address": true,
            "availability_zone": "ap-northeast-1a",
            "capacity_reservation_specification": [
              {
                "capacity_reservation_preference": "open",
                "capacity_reservation_target": []
              }
            ],
            "cpu_core_count": 1,
            "cpu_options": [
              {
                "amd_sev_snp": "",
                "core_count": 1,
                "threads_per_core": 2
              }
            ],
            "cpu_threads_per_core": 2,
            "credit_specification": [
              {
                "cpu_credits": "unlimited"
              }
            ],
            "disable_api_stop": false,
            "disable_api_termination": false,
            "ebs_block_device": [],
            "ebs_optimized": true,
            "enable_primary_ipv6": null,
            "enclave_options": [
              {
                "enabled": false
              }
            ],
            "ephemeral_block_device": [],
            "get_password_data": false,
            "hibernation": false,
            "host_id": "",
            "host_resource_group_arn": null,
            "iam_instance_profile": "",
            "id": "i-0aac816685d12638f",
            "instance_initiated_shutdown_behavior": "stop",
            "instance_lifecycle": "",
            "instance_market_options": [],
            "instance_state": "running",
            "instance_type": "t3.nano",
            "ipv6_address_count": 0,
            "ipv6_addresses": [],
            "key_name": "tinyproxy-key",
            "launch_template": [],
            "maintenance_options": [
              {
                "auto_recovery": "default"
              }
            ],
            "metadata_options": [
              {
                "http_endpoint": "enabled",
                "http_protocol_ipv6": "disabled",
                "http_put_response_hop_limit": 1,
                "http_tokens": "optional",
                "instance_metadata_tags": "disabled"
              }
            ],
            "monitoring": false,
            "network_interface": [],
            "outpost_arn": "",
            "password_data": "",
            "placement_group": "",
            "placement_partition_number": 0,
            "primary_network_interface_id": "eni-02d5ffd6db083fa38",
            "private_dns": "ip-172-31-70-238.ap-northeast-1.compute.internal",
            "private_dns_name_options": [
              {
                "enable_resource_name_dns_a_record": false,
                "enable_resource_name_dns_aaaa_record": false,
                "hostname_type": "ip-name"
              }
            ],
            "private_ip": "172.31.70.238",
            "public_dns": "ec2-13-230-97-21.ap-northeast-1.compute.amazonaws.com",
            "public_ip": "13.230.97.21",
            "root_block_device": [
              {
                "delete_on_termination": true,
                "device_name": "/dev/sda1",
                "encrypted": true,
                "iops": 3000,
                "kms_key_id": "arn:aws:kms:ap-northeast-1:935103045726:key/35c21cff-7145-4ca2-a898-c3ea259d3ed2",
                "tags": {
                  "Name": "cors-anywhere-4-root"
                },
                "tags_all": {
                  "Name": "cors-anywhere-4-root"
                },
                "throughput": 125,
                "volume_id": "vol-03aa088c5cf0eea2d",
                "volume_size": 8,
                "volume_type": "gp3"
              }
            ],
            "secondary_private_ips": [],
            "security_groups": [
              "cors-anywhere-20250916051229231500000001"
            ],
            "source_dest_check": true,
            "spot_instance_request_id": "",
            "subnet_id": "subnet-0c69114480a787c09",
            "tags": {
              "AMI_Type": "Ubuntu",
              "Environment": "testing",
              "Index": "4",
              "Name": "cors-anywhere-4",
              "Purpose": "proxy-server"
            },
            "tags_all": {
              "AMI_Type": "Ubuntu",
              "Environment": "testing",
              "Index": "4",
              "Name": "cors-anywhere-4",
              "Purpose": "proxy-server"
            },
            "tenancy": "default",
            "timeouts": null,
            "user_data": "9fc7ddfe34a09590e14724157132686f3ee7a002",
            "user_data_base64": null,
            "user_data_replace_on_change": true,
            "volume_tags": null,
            "vpc_security_group_ids": [
              "sg-07d6712a9ff0c4617"
            ]
          },
          "sensitive_attributes": [],
          "private": "eyJlMmJmYjczMC1lY2FhLTExZTYtOGY4OC0zNDM2M2JjN2M0YzAiOnsiY3JlYXRlIjo2MDAwMDAwMDAwMDAsImRlbGV0ZSI6MTIwMDAwMDAwMDAwMCwicmVhZCI6OTAwMDAwMDAwMDAwLCJ1cGRhdGUiOjYwMDAwMDAwMDAwMH0sInNjaGVtYV92ZXJzaW9uIjoiMSJ9",
          "dependencies": [
            "aws_security_group.cors_anywhere",
            "data.aws_ami.amazon_linux",
            "data.aws_ami.ubuntu_20",
            "data.aws_ami.ubuntu_22",
            "data.aws_subnets.default",
            "data.aws_vpc.default"
          ],
          "create_before_destroy": true
        },
        {
          "index_key": 4,
          "schema_version": 1,
          "attributes": {
            "ami": "ami-07ae0926c47de3c97",
            "arn": "arn:aws:ec2:ap-northeast-1:935103045726:instance/i-03ecf34a0be87292f",
            "associate_public_ip_address": true,
            "availability_zone": "ap-northeast-1c",
            "capacity_reservation_specification": [
              {
                "capacity_reservation_preference": "open",
                "capacity_reservation_target": []
              }
            ],
            "cpu_core_count": 1,
            "cpu_options": [
              {
                "amd_sev_snp": "",
                "core_count": 1,
                "threads_per_core": 2
              }
            ],
            "cpu_threads_per_core": 2,
            "credit_specification": [
              {
                "cpu_credits": "unlimited"
              }
            ],
            "disable_api_stop": false,
            "disable_api_termination": false,
            "ebs_block_device": [],
            "ebs_optimized": true,
            "enable_primary_ipv6": null,
            "enclave_options": [
              {
                "enabled": false
              }
            ],
            "ephemeral_block_device": [],
            "get_password_data": false,
            "hibernation": false,
            "host_id": "",
            "host_resource_group_arn": null,
            "iam_instance_profile": "",
            "id": "i-03ecf34a0be87292f",
            "instance_initiated_shutdown_behavior": "stop",
            "instance_lifecycle": "",
            "instance_market_options": [],
            "instance_state": "running",
            "instance_type": "t3.nano",
            "ipv6_address_count": 0,
            "ipv6_addresses": [],
            "key_name": "tinyproxy-key",
            "launch_template": [],
            "maintenance_options": [
              {
                "auto_recovery": "default"
              }
            ],
            "metadata_options": [
              {
                "http_endpoint": "enabled",
                "http_protocol_ipv6": "disabled",
                "http_put_response_hop_limit": 1,
                "http_tokens": "optional",
                "instance_metadata_tags": "disabled"
              }
            ],
            "monitoring": false,
            "network_interface": [],
            "outpost_arn": "",
            "password_data": "",
            "placement_group": "",
            "placement_partition_number": 0,
            "primary_network_interface_id": "eni-0aac1af54d2ab4af4",
            "private_dns": "ip-172-31-80-204.ap-northeast-1.compute.internal",
            "private_dns_name_options": [
              {
                "enable_resource_name_dns_a_record": false,
                "enable_resource_name_dns_aaaa_record": false,
                "hostname_type": "ip-name"
              }
            ],
            "private_ip": "172.31.80.204",
            "public_dns": "ec2-43-207-146-149.ap-northeast-1.compute.amazonaws.com",
            "public_ip": "43.207.146.149",
            "root_block_device": [
              {
                "delete_on_termination": true,
                "device_name": "/dev/sda1",
                "encrypted": true,
                "iops": 3000,
                "kms_key_id": "arn:aws:kms:ap-northeast-1:935103045726:key/35c21cff-7145-4ca2-a898-c3ea259d3ed2",
                "tags": {
                  "Name": "cors-anywhere-5-root"
                },
                "tags_all": {
                  "Name": "cors-anywhere-5-root"
                },
                "throughput": 125,
                "volume_id": "vol-0f8f7b9e4eda04da6",
                "volume_size": 8,
                "volume_type": "gp3"
              }
            ],
            "secondary_private_ips": [],
            "security_groups": [
              "cors-anywhere-20250916051229231500000001"
            ],
            "source_dest_check": true,
            "spot_instance_request_id": "",
            "subnet_id": "subnet-09f88c96564635123",
            "tags": {
              "AMI_Type": "Ubuntu",
              "Environment": "testing",
              "Index": "5",
              "Name": "cors-anywhere-5",
              "Purpose": "proxy-server"
            },
            "tags_all": {
              "AMI_Type": "Ubuntu",
              "Environment": "testing",
              "Index": "5",
              "Name": "cors-anywhere-5",
              "Purpose": "proxy-server"
            },
            "tenancy": "default",
            "timeouts": null,
            "user_data": "9fc7ddfe34a09590e14724157132686f3ee7a002",
            "user_data_base64": null,
            "user_data_replace_on_change": true,
            "volume_tags": null,
            "vpc_security_group_ids": [
              "sg-07d6712a9ff0c4617"
            ]
          },
          "sensitive_attributes": [],
          "private": "eyJlMmJmYjczMC1lY2FhLTExZTYtOGY4OC0zNDM2M2JjN2M0YzAiOnsiY3JlYXRlIjo2MDAwMDAwMDAwMDAsImRlbGV0ZSI6MTIwMDAwMDAwMDAwMCwicmVhZCI6OTAwMDAwMDAwMDAwLCJ1cGRhdGUiOjYwMDAwMDAwMDAwMH0sInNjaGVtYV92ZXJzaW9uIjoiMSJ9",
          "dependencies": [
            "aws_security_group.cors_anywhere",
            "data.aws_ami.amazon_linux",
            "data.aws_ami.ubuntu_20",
            "data.aws_ami.ubuntu_22",
            "data.aws_subnets.default",
            "data.aws_vpc.default"
          ],
          "create_before_destroy": true
        }
      ]
    },
    {
      "mode": "managed",
      "type": "aws_security_group",
      "name": "cors_anywhere",
      "provider": "provider[\"registry.terraform.io/hashicorp/aws\"]",
      "instances": [
        {
          "schema_version": 1,
          "attributes": {
            "arn": "arn:aws:ec2:ap-northeast-1:935103045726:security-group/sg-07d6712a9ff0c4617",
            "description": "Security group for CORS-Anywhere instances",
            "egress": [
              {
                "cidr_blocks": [
                  "0.0.0.0/0"
                ],
                "description": "",
                "from_port": 0,
                "ipv6_cidr_blocks": [],
                "prefix_list_ids": [],
                "protocol": "-1",
                "security_groups": [],
                "self": false,
                "to_port": 0
              }
            ],
            "id": "sg-07d6712a9ff0c4617",
            "ingress": [
              {
                "cidr_blocks": [
                  "0.0.0.0/0"
                ],
                "description": "CORS-Anywhere",
                "from_port": 8888,
                "ipv6_cidr_blocks": [],
                "prefix_list_ids": [],
                "protocol": "tcp",
                "security_groups": [],
                "self": false,
                "to_port": 8888
              },
              {
                "cidr_blocks": [
                  "0.0.0.0/0"
                ],
                "description": "SSH",
                "from_port": 22,
                "ipv6_cidr_blocks": [],
                "prefix_list_ids": [],
                "protocol": "tcp",
                "security_groups": [],
                "self": false,
                "to_port": 22
              }
            ],
            "name": "cors-anywhere-20250916051229231500000001",
            "name_prefix": "cors-anywhere-",
            "owner_id": "935103045726",
            "revoke_rules_on_delete": false,
            "tags": {
              "Name": "cors-anywhere-security-group"
            },
            "tags_all": {
              "Name": "cors-anywhere-security-group"
            },
            "timeouts": null,
            "vpc_id": "vpc-0626f3af338d9af34"
          },
          "sensitive_attributes": [],
          "private": "eyJlMmJmYjczMC1lY2FhLTExZTYtOGY4OC0zNDM2M2JjN2M0YzAiOnsiY3JlYXRlIjo2MDAwMDAwMDAwMDAsImRlbGV0ZSI6OTAwMDAwMDAwMDAwfSwic2NoZW1hX3ZlcnNpb24iOiIxIn0=",
          "dependencies": [
            "data.aws_vpc.default"
          ],
          "create_before_destroy": true
        }
      ]
    }
  ],
  "check_results": null
}
